// !$*UTF8*$!
{
	archiveVersion = 1;
	classes = {
	};
	objectVersion = 48;
	objects = {

/* Begin PBXBuildFile section */
		1A9AE35F987E498A4394B208 /* Pods_Example.framework in Frameworks */ = {isa = PBXBuildFile; fileRef = A30556DA65A102F1FEE21504 /* Pods_Example.framework */; };
		3D55936E20FC89CE00AE35E5 /* QiscusCore.framework in Frameworks */ = {isa = PBXBuildFile; fileRef = 3D55936420FC89CD00AE35E5 /* QiscusCore.framework */; };
		3D55937320FC89CE00AE35E5 /* QiscusCoreTests.swift in Sources */ = {isa = PBXBuildFile; fileRef = 3D55937220FC89CE00AE35E5 /* QiscusCoreTests.swift */; };
		3D55938520FC8A0300AE35E5 /* AppDelegate.swift in Sources */ = {isa = PBXBuildFile; fileRef = 3D55938420FC8A0300AE35E5 /* AppDelegate.swift */; };
		3D55938720FC8A0300AE35E5 /* ViewController.swift in Sources */ = {isa = PBXBuildFile; fileRef = 3D55938620FC8A0300AE35E5 /* ViewController.swift */; };
		3D55938A20FC8A0300AE35E5 /* Main.storyboard in Resources */ = {isa = PBXBuildFile; fileRef = 3D55938820FC8A0300AE35E5 /* Main.storyboard */; };
		3D55938C20FC8A0800AE35E5 /* Assets.xcassets in Resources */ = {isa = PBXBuildFile; fileRef = 3D55938B20FC8A0800AE35E5 /* Assets.xcassets */; };
		3D55938F20FC8A0800AE35E5 /* LaunchScreen.storyboard in Resources */ = {isa = PBXBuildFile; fileRef = 3D55938D20FC8A0800AE35E5 /* LaunchScreen.storyboard */; };
		3D55939520FC8F3500AE35E5 /* QiscusCore.podspec in Resources */ = {isa = PBXBuildFile; fileRef = 3D55939420FC8F3500AE35E5 /* QiscusCore.podspec */; };
		3DCA8AA72149216A001326F0 /* QiscusDatabase.framework in Frameworks */ = {isa = PBXBuildFile; fileRef = 3DCA8AA62149216A001326F0 /* QiscusDatabase.framework */; };
		3DDF1287213307B900E15B36 /* QiscusCore.h in Headers */ = {isa = PBXBuildFile; fileRef = 3DDF125A213307B900E15B36 /* QiscusCore.h */; settings = {ATTRIBUTES = (Public, ); }; };
		3DDF1288213307B900E15B36 /* Data+Json.swift in Sources */ = {isa = PBXBuildFile; fileRef = 3DDF125C213307B900E15B36 /* Data+Json.swift */; };
		3DDF1289213307B900E15B36 /* QiscusLogger.swift in Sources */ = {isa = PBXBuildFile; fileRef = 3DDF125D213307B900E15B36 /* QiscusLogger.swift */; };
		3DDF128A213307B900E15B36 /* QiscusCore.swift in Sources */ = {isa = PBXBuildFile; fileRef = 3DDF125E213307B900E15B36 /* QiscusCore.swift */; };
		3DDF128B213307B900E15B36 /* QiscusComment.swift in Sources */ = {isa = PBXBuildFile; fileRef = 3DDF125F213307B900E15B36 /* QiscusComment.swift */; };
		3DDF128C213307B900E15B36 /* NetworkMessage.swift in Sources */ = {isa = PBXBuildFile; fileRef = 3DDF1261213307B900E15B36 /* NetworkMessage.swift */; };
		3DDF128D213307B900E15B36 /* NetworkRoom.swift in Sources */ = {isa = PBXBuildFile; fileRef = 3DDF1262213307B900E15B36 /* NetworkRoom.swift */; };
		3DDF128E213307B900E15B36 /* NetworkManager.swift in Sources */ = {isa = PBXBuildFile; fileRef = 3DDF1263213307B900E15B36 /* NetworkManager.swift */; };
		3DDF128F213307B900E15B36 /* ParameterEncoder.swift in Sources */ = {isa = PBXBuildFile; fileRef = 3DDF1265213307B900E15B36 /* ParameterEncoder.swift */; };
		3DDF1290213307B900E15B36 /* ParameterEncoding.swift in Sources */ = {isa = PBXBuildFile; fileRef = 3DDF1266213307B900E15B36 /* ParameterEncoding.swift */; };
		3DDF1291213307B900E15B36 /* HTTPUtil.swift in Sources */ = {isa = PBXBuildFile; fileRef = 3DDF1268213307B900E15B36 /* HTTPUtil.swift */; };
		3DDF1292213307B900E15B36 /* Router.swift in Sources */ = {isa = PBXBuildFile; fileRef = 3DDF1269213307B900E15B36 /* Router.swift */; };
		3DDF1293213307B900E15B36 /* EndpointComment.swift in Sources */ = {isa = PBXBuildFile; fileRef = 3DDF126B213307B900E15B36 /* EndpointComment.swift */; };
		3DDF1294213307B900E15B36 /* EndpointRoom.swift in Sources */ = {isa = PBXBuildFile; fileRef = 3DDF126C213307B900E15B36 /* EndpointRoom.swift */; };
		3DDF1295213307B900E15B36 /* EndpointUser.swift in Sources */ = {isa = PBXBuildFile; fileRef = 3DDF126D213307B900E15B36 /* EndpointUser.swift */; };
		3DDF1296213307B900E15B36 /* Endpoint.swift in Sources */ = {isa = PBXBuildFile; fileRef = 3DDF126E213307B900E15B36 /* Endpoint.swift */; };
		3DDF1297213307B900E15B36 /* QiscusConnectionDelegate.swift in Sources */ = {isa = PBXBuildFile; fileRef = 3DDF1270213307B900E15B36 /* QiscusConnectionDelegate.swift */; };
		3DDF1298213307B900E15B36 /* QiscusStorage.swift in Sources */ = {isa = PBXBuildFile; fileRef = 3DDF1272213307B900E15B36 /* QiscusStorage.swift */; };
		3DDF1299213307B900E15B36 /* ConfigManager.swift in Sources */ = {isa = PBXBuildFile; fileRef = 3DDF1273213307B900E15B36 /* ConfigManager.swift */; };
		3DDF129A213307B900E15B36 /* CommentStorage.swift in Sources */ = {isa = PBXBuildFile; fileRef = 3DDF1274213307B900E15B36 /* CommentStorage.swift */; };
		3DDF129B213307B900E15B36 /* RoomStorage.swift in Sources */ = {isa = PBXBuildFile; fileRef = 3DDF1275213307B900E15B36 /* RoomStorage.swift */; };
		3DDF129C213307B900E15B36 /* RealtimeManager.swift in Sources */ = {isa = PBXBuildFile; fileRef = 3DDF1277213307B900E15B36 /* RealtimeManager.swift */; };
		3DDF129D213307B900E15B36 /* CommentModel.swift in Sources */ = {isa = PBXBuildFile; fileRef = 3DDF1279213307B900E15B36 /* CommentModel.swift */; };
		3DDF129E213307B900E15B36 /* QiscusConfig.swift in Sources */ = {isa = PBXBuildFile; fileRef = 3DDF127B213307B900E15B36 /* QiscusConfig.swift */; };
		3DDF129F213307B900E15B36 /* NonceModel.swift in Sources */ = {isa = PBXBuildFile; fileRef = 3DDF127D213307B900E15B36 /* NonceModel.swift */; };
		3DDF12A0213307B900E15B36 /* UserModel.swift in Sources */ = {isa = PBXBuildFile; fileRef = 3DDF127E213307B900E15B36 /* UserModel.swift */; };
		3DDF12A1213307B900E15B36 /* QError.swift in Sources */ = {isa = PBXBuildFile; fileRef = 3DDF127F213307B900E15B36 /* QError.swift */; };
		3DDF12A2213307B900E15B36 /* RoomModel.swift in Sources */ = {isa = PBXBuildFile; fileRef = 3DDF1280213307B900E15B36 /* RoomModel.swift */; };
		3DDF12A3213307B900E15B36 /* GenericModel.swift in Sources */ = {isa = PBXBuildFile; fileRef = 3DDF1281213307B900E15B36 /* GenericModel.swift */; };
		3DDF12A4213307B900E15B36 /* ApiResponse.swift in Sources */ = {isa = PBXBuildFile; fileRef = 3DDF1283213307B900E15B36 /* ApiResponse.swift */; };
		3DDF12A5213307B900E15B36 /* QiscusEventManager.swift in Sources */ = {isa = PBXBuildFile; fileRef = 3DDF1284213307B900E15B36 /* QiscusEventManager.swift */; };
		3DDF12A6213307B900E15B36 /* Info.plist in Resources */ = {isa = PBXBuildFile; fileRef = 3DDF1285213307B900E15B36 /* Info.plist */; };
		3DDF12A7213307B900E15B36 /* QiscusRoom.swift in Sources */ = {isa = PBXBuildFile; fileRef = 3DDF1286213307B900E15B36 /* QiscusRoom.swift */; };
		3DF16E9921426E7C00E6B059 /* FileModel.swift in Sources */ = {isa = PBXBuildFile; fileRef = 3DF16E9821426E7C00E6B059 /* FileModel.swift */; };
		3DF16E9B21426E9000E6B059 /* QiscusFileManager.swift in Sources */ = {isa = PBXBuildFile; fileRef = 3DF16E9A21426E9000E6B059 /* QiscusFileManager.swift */; };
		3DF16E9D21426EAB00E6B059 /* DownloadService.swift in Sources */ = {isa = PBXBuildFile; fileRef = 3DF16E9C21426EAB00E6B059 /* DownloadService.swift */; };
		3DF16E9F21426EE800E6B059 /* NetworkUpload.swift in Sources */ = {isa = PBXBuildFile; fileRef = 3DF16E9E21426EE800E6B059 /* NetworkUpload.swift */; };
		F116692197E20D674B69897F /* Pods_QiscusCore.framework in Frameworks */ = {isa = PBXBuildFile; fileRef = 560FF1F83A73EA20444892C4 /* Pods_QiscusCore.framework */; };
/* End PBXBuildFile section */

/* Begin PBXContainerItemProxy section */
		3D55936F20FC89CE00AE35E5 /* PBXContainerItemProxy */ = {
			isa = PBXContainerItemProxy;
			containerPortal = 3D55935B20FC89CD00AE35E5 /* Project object */;
			proxyType = 1;
			remoteGlobalIDString = 3D55936320FC89CD00AE35E5;
			remoteInfo = QiscusCore;
		};
/* End PBXContainerItemProxy section */

/* Begin PBXFileReference section */
		3D55936420FC89CD00AE35E5 /* QiscusCore.framework */ = {isa = PBXFileReference; explicitFileType = wrapper.framework; includeInIndex = 0; path = QiscusCore.framework; sourceTree = BUILT_PRODUCTS_DIR; };
		3D55936D20FC89CE00AE35E5 /* QiscusCoreTests.xctest */ = {isa = PBXFileReference; explicitFileType = wrapper.cfbundle; includeInIndex = 0; path = QiscusCoreTests.xctest; sourceTree = BUILT_PRODUCTS_DIR; };
		3D55937220FC89CE00AE35E5 /* QiscusCoreTests.swift */ = {isa = PBXFileReference; lastKnownFileType = sourcecode.swift; path = QiscusCoreTests.swift; sourceTree = "<group>"; };
		3D55937420FC89CE00AE35E5 /* Info.plist */ = {isa = PBXFileReference; lastKnownFileType = text.plist.xml; path = Info.plist; sourceTree = "<group>"; };
		3D55938220FC8A0300AE35E5 /* Example.app */ = {isa = PBXFileReference; explicitFileType = wrapper.application; includeInIndex = 0; path = Example.app; sourceTree = BUILT_PRODUCTS_DIR; };
		3D55938420FC8A0300AE35E5 /* AppDelegate.swift */ = {isa = PBXFileReference; lastKnownFileType = sourcecode.swift; path = AppDelegate.swift; sourceTree = "<group>"; };
		3D55938620FC8A0300AE35E5 /* ViewController.swift */ = {isa = PBXFileReference; lastKnownFileType = sourcecode.swift; path = ViewController.swift; sourceTree = "<group>"; };
		3D55938920FC8A0300AE35E5 /* Base */ = {isa = PBXFileReference; lastKnownFileType = file.storyboard; name = Base; path = Base.lproj/Main.storyboard; sourceTree = "<group>"; };
		3D55938B20FC8A0800AE35E5 /* Assets.xcassets */ = {isa = PBXFileReference; lastKnownFileType = folder.assetcatalog; path = Assets.xcassets; sourceTree = "<group>"; };
		3D55938E20FC8A0800AE35E5 /* Base */ = {isa = PBXFileReference; lastKnownFileType = file.storyboard; name = Base; path = Base.lproj/LaunchScreen.storyboard; sourceTree = "<group>"; };
		3D55939020FC8A0800AE35E5 /* Info.plist */ = {isa = PBXFileReference; lastKnownFileType = text.plist.xml; path = Info.plist; sourceTree = "<group>"; };
		3D55939420FC8F3500AE35E5 /* QiscusCore.podspec */ = {isa = PBXFileReference; fileEncoding = 4; lastKnownFileType = text; path = QiscusCore.podspec; sourceTree = "<group>"; xcLanguageSpecificationIdentifier = xcode.lang.ruby; };
		3DCA8AA62149216A001326F0 /* QiscusDatabase.framework */ = {isa = PBXFileReference; lastKnownFileType = wrapper.framework; path = QiscusDatabase.framework; sourceTree = SOURCE_ROOT; };
		3DDF125A213307B900E15B36 /* QiscusCore.h */ = {isa = PBXFileReference; fileEncoding = 4; lastKnownFileType = sourcecode.c.h; path = QiscusCore.h; sourceTree = "<group>"; };
		3DDF125C213307B900E15B36 /* Data+Json.swift */ = {isa = PBXFileReference; fileEncoding = 4; lastKnownFileType = sourcecode.swift; path = "Data+Json.swift"; sourceTree = "<group>"; };
		3DDF125D213307B900E15B36 /* QiscusLogger.swift */ = {isa = PBXFileReference; fileEncoding = 4; lastKnownFileType = sourcecode.swift; path = QiscusLogger.swift; sourceTree = "<group>"; };
		3DDF125E213307B900E15B36 /* QiscusCore.swift */ = {isa = PBXFileReference; fileEncoding = 4; lastKnownFileType = sourcecode.swift; path = QiscusCore.swift; sourceTree = "<group>"; };
		3DDF125F213307B900E15B36 /* QiscusComment.swift */ = {isa = PBXFileReference; fileEncoding = 4; lastKnownFileType = sourcecode.swift; path = QiscusComment.swift; sourceTree = "<group>"; };
		3DDF1261213307B900E15B36 /* NetworkMessage.swift */ = {isa = PBXFileReference; fileEncoding = 4; lastKnownFileType = sourcecode.swift; path = NetworkMessage.swift; sourceTree = "<group>"; };
		3DDF1262213307B900E15B36 /* NetworkRoom.swift */ = {isa = PBXFileReference; fileEncoding = 4; lastKnownFileType = sourcecode.swift; path = NetworkRoom.swift; sourceTree = "<group>"; };
		3DDF1263213307B900E15B36 /* NetworkManager.swift */ = {isa = PBXFileReference; fileEncoding = 4; lastKnownFileType = sourcecode.swift; path = NetworkManager.swift; sourceTree = "<group>"; };
		3DDF1265213307B900E15B36 /* ParameterEncoder.swift */ = {isa = PBXFileReference; fileEncoding = 4; lastKnownFileType = sourcecode.swift; path = ParameterEncoder.swift; sourceTree = "<group>"; };
		3DDF1266213307B900E15B36 /* ParameterEncoding.swift */ = {isa = PBXFileReference; fileEncoding = 4; lastKnownFileType = sourcecode.swift; path = ParameterEncoding.swift; sourceTree = "<group>"; };
		3DDF1268213307B900E15B36 /* HTTPUtil.swift */ = {isa = PBXFileReference; fileEncoding = 4; lastKnownFileType = sourcecode.swift; path = HTTPUtil.swift; sourceTree = "<group>"; };
		3DDF1269213307B900E15B36 /* Router.swift */ = {isa = PBXFileReference; fileEncoding = 4; lastKnownFileType = sourcecode.swift; path = Router.swift; sourceTree = "<group>"; };
		3DDF126B213307B900E15B36 /* EndpointComment.swift */ = {isa = PBXFileReference; fileEncoding = 4; lastKnownFileType = sourcecode.swift; path = EndpointComment.swift; sourceTree = "<group>"; };
		3DDF126C213307B900E15B36 /* EndpointRoom.swift */ = {isa = PBXFileReference; fileEncoding = 4; lastKnownFileType = sourcecode.swift; path = EndpointRoom.swift; sourceTree = "<group>"; };
		3DDF126D213307B900E15B36 /* EndpointUser.swift */ = {isa = PBXFileReference; fileEncoding = 4; lastKnownFileType = sourcecode.swift; path = EndpointUser.swift; sourceTree = "<group>"; };
		3DDF126E213307B900E15B36 /* Endpoint.swift */ = {isa = PBXFileReference; fileEncoding = 4; lastKnownFileType = sourcecode.swift; path = Endpoint.swift; sourceTree = "<group>"; };
		3DDF1270213307B900E15B36 /* QiscusConnectionDelegate.swift */ = {isa = PBXFileReference; fileEncoding = 4; lastKnownFileType = sourcecode.swift; path = QiscusConnectionDelegate.swift; sourceTree = "<group>"; };
		3DDF1272213307B900E15B36 /* QiscusStorage.swift */ = {isa = PBXFileReference; fileEncoding = 4; lastKnownFileType = sourcecode.swift; path = QiscusStorage.swift; sourceTree = "<group>"; };
		3DDF1273213307B900E15B36 /* ConfigManager.swift */ = {isa = PBXFileReference; fileEncoding = 4; lastKnownFileType = sourcecode.swift; path = ConfigManager.swift; sourceTree = "<group>"; };
		3DDF1274213307B900E15B36 /* CommentStorage.swift */ = {isa = PBXFileReference; fileEncoding = 4; lastKnownFileType = sourcecode.swift; path = CommentStorage.swift; sourceTree = "<group>"; };
		3DDF1275213307B900E15B36 /* RoomStorage.swift */ = {isa = PBXFileReference; fileEncoding = 4; lastKnownFileType = sourcecode.swift; path = RoomStorage.swift; sourceTree = "<group>"; };
		3DDF1277213307B900E15B36 /* RealtimeManager.swift */ = {isa = PBXFileReference; fileEncoding = 4; lastKnownFileType = sourcecode.swift; path = RealtimeManager.swift; sourceTree = "<group>"; };
		3DDF1279213307B900E15B36 /* CommentModel.swift */ = {isa = PBXFileReference; fileEncoding = 4; lastKnownFileType = sourcecode.swift; path = CommentModel.swift; sourceTree = "<group>"; };
		3DDF127B213307B900E15B36 /* QiscusConfig.swift */ = {isa = PBXFileReference; fileEncoding = 4; lastKnownFileType = sourcecode.swift; path = QiscusConfig.swift; sourceTree = "<group>"; };
		3DDF127D213307B900E15B36 /* NonceModel.swift */ = {isa = PBXFileReference; fileEncoding = 4; lastKnownFileType = sourcecode.swift; path = NonceModel.swift; sourceTree = "<group>"; };
		3DDF127E213307B900E15B36 /* UserModel.swift */ = {isa = PBXFileReference; fileEncoding = 4; lastKnownFileType = sourcecode.swift; path = UserModel.swift; sourceTree = "<group>"; };
		3DDF127F213307B900E15B36 /* QError.swift */ = {isa = PBXFileReference; fileEncoding = 4; lastKnownFileType = sourcecode.swift; path = QError.swift; sourceTree = "<group>"; };
		3DDF1280213307B900E15B36 /* RoomModel.swift */ = {isa = PBXFileReference; fileEncoding = 4; lastKnownFileType = sourcecode.swift; path = RoomModel.swift; sourceTree = "<group>"; };
		3DDF1281213307B900E15B36 /* GenericModel.swift */ = {isa = PBXFileReference; fileEncoding = 4; lastKnownFileType = sourcecode.swift; path = GenericModel.swift; sourceTree = "<group>"; };
		3DDF1283213307B900E15B36 /* ApiResponse.swift */ = {isa = PBXFileReference; fileEncoding = 4; lastKnownFileType = sourcecode.swift; path = ApiResponse.swift; sourceTree = "<group>"; };
		3DDF1284213307B900E15B36 /* QiscusEventManager.swift */ = {isa = PBXFileReference; fileEncoding = 4; lastKnownFileType = sourcecode.swift; path = QiscusEventManager.swift; sourceTree = "<group>"; };
		3DDF1285213307B900E15B36 /* Info.plist */ = {isa = PBXFileReference; fileEncoding = 4; lastKnownFileType = text.plist.xml; path = Info.plist; sourceTree = "<group>"; };
		3DDF1286213307B900E15B36 /* QiscusRoom.swift */ = {isa = PBXFileReference; fileEncoding = 4; lastKnownFileType = sourcecode.swift; path = QiscusRoom.swift; sourceTree = "<group>"; };
		3DF16E9821426E7C00E6B059 /* FileModel.swift */ = {isa = PBXFileReference; fileEncoding = 4; lastKnownFileType = sourcecode.swift; path = FileModel.swift; sourceTree = "<group>"; };
		3DF16E9A21426E9000E6B059 /* QiscusFileManager.swift */ = {isa = PBXFileReference; fileEncoding = 4; lastKnownFileType = sourcecode.swift; path = QiscusFileManager.swift; sourceTree = "<group>"; };
		3DF16E9C21426EAB00E6B059 /* DownloadService.swift */ = {isa = PBXFileReference; fileEncoding = 4; lastKnownFileType = sourcecode.swift; path = DownloadService.swift; sourceTree = "<group>"; };
		3DF16E9E21426EE800E6B059 /* NetworkUpload.swift */ = {isa = PBXFileReference; fileEncoding = 4; lastKnownFileType = sourcecode.swift; path = NetworkUpload.swift; sourceTree = "<group>"; };
		560FF1F83A73EA20444892C4 /* Pods_QiscusCore.framework */ = {isa = PBXFileReference; explicitFileType = wrapper.framework; includeInIndex = 0; path = Pods_QiscusCore.framework; sourceTree = BUILT_PRODUCTS_DIR; };
		64802D245F1D9AD426A11FD8 /* Pods-QiscusCore.release.xcconfig */ = {isa = PBXFileReference; includeInIndex = 1; lastKnownFileType = text.xcconfig; name = "Pods-QiscusCore.release.xcconfig"; path = "Pods/Target Support Files/Pods-QiscusCore/Pods-QiscusCore.release.xcconfig"; sourceTree = "<group>"; };
		A30556DA65A102F1FEE21504 /* Pods_Example.framework */ = {isa = PBXFileReference; explicitFileType = wrapper.framework; includeInIndex = 0; path = Pods_Example.framework; sourceTree = BUILT_PRODUCTS_DIR; };
		AFC9813493DB53DCF29F7208 /* Pods-QiscusCore.debug.xcconfig */ = {isa = PBXFileReference; includeInIndex = 1; lastKnownFileType = text.xcconfig; name = "Pods-QiscusCore.debug.xcconfig"; path = "Pods/Target Support Files/Pods-QiscusCore/Pods-QiscusCore.debug.xcconfig"; sourceTree = "<group>"; };
		C1CD2D5A88324C15CF0C55DC /* Pods-Example.debug.xcconfig */ = {isa = PBXFileReference; includeInIndex = 1; lastKnownFileType = text.xcconfig; name = "Pods-Example.debug.xcconfig"; path = "Pods/Target Support Files/Pods-Example/Pods-Example.debug.xcconfig"; sourceTree = "<group>"; };
		C97C5A4122C08D08ADCDD0B1 /* Pods-Example.release.xcconfig */ = {isa = PBXFileReference; includeInIndex = 1; lastKnownFileType = text.xcconfig; name = "Pods-Example.release.xcconfig"; path = "Pods/Target Support Files/Pods-Example/Pods-Example.release.xcconfig"; sourceTree = "<group>"; };
		E9FFD5261FB0CA8C203545C0 /* Pods_QiscusCoreTests.framework */ = {isa = PBXFileReference; explicitFileType = wrapper.framework; includeInIndex = 0; path = Pods_QiscusCoreTests.framework; sourceTree = BUILT_PRODUCTS_DIR; };
/* End PBXFileReference section */

/* Begin PBXFrameworksBuildPhase section */
		3D55936020FC89CD00AE35E5 /* Frameworks */ = {
			isa = PBXFrameworksBuildPhase;
			buildActionMask = 2147483647;
			files = (
				F116692197E20D674B69897F /* Pods_QiscusCore.framework in Frameworks */,
				3DCA8AA72149216A001326F0 /* QiscusDatabase.framework in Frameworks */,
			);
			runOnlyForDeploymentPostprocessing = 0;
		};
		3D55936A20FC89CE00AE35E5 /* Frameworks */ = {
			isa = PBXFrameworksBuildPhase;
			buildActionMask = 2147483647;
			files = (
				3D55936E20FC89CE00AE35E5 /* QiscusCore.framework in Frameworks */,
			);
			runOnlyForDeploymentPostprocessing = 0;
		};
		3D55937F20FC8A0300AE35E5 /* Frameworks */ = {
			isa = PBXFrameworksBuildPhase;
			buildActionMask = 2147483647;
			files = (
				1A9AE35F987E498A4394B208 /* Pods_Example.framework in Frameworks */,
			);
			runOnlyForDeploymentPostprocessing = 0;
		};
/* End PBXFrameworksBuildPhase section */

/* Begin PBXGroup section */
		15FB9768ECE74131149FDB79 /* Frameworks */ = {
			isa = PBXGroup;
			children = (
				A30556DA65A102F1FEE21504 /* Pods_Example.framework */,
				560FF1F83A73EA20444892C4 /* Pods_QiscusCore.framework */,
				E9FFD5261FB0CA8C203545C0 /* Pods_QiscusCoreTests.framework */,
			);
			name = Frameworks;
			sourceTree = "<group>";
		};
		3D55935A20FC89CD00AE35E5 = {
			isa = PBXGroup;
			children = (
				3D55939420FC8F3500AE35E5 /* QiscusCore.podspec */,
				3DDF1259213307B900E15B36 /* QiscusCore */,
				3D55937120FC89CE00AE35E5 /* QiscusCoreTests */,
				3D55938320FC8A0300AE35E5 /* Example */,
				3D55936520FC89CD00AE35E5 /* Products */,
				42551FCE4760561079503A31 /* Pods */,
				15FB9768ECE74131149FDB79 /* Frameworks */,
			);
			sourceTree = "<group>";
		};
		3D55936520FC89CD00AE35E5 /* Products */ = {
			isa = PBXGroup;
			children = (
				3D55936420FC89CD00AE35E5 /* QiscusCore.framework */,
				3D55936D20FC89CE00AE35E5 /* QiscusCoreTests.xctest */,
				3D55938220FC8A0300AE35E5 /* Example.app */,
			);
			name = Products;
			sourceTree = "<group>";
		};
		3D55937120FC89CE00AE35E5 /* QiscusCoreTests */ = {
			isa = PBXGroup;
			children = (
				3D55937220FC89CE00AE35E5 /* QiscusCoreTests.swift */,
				3D55937420FC89CE00AE35E5 /* Info.plist */,
			);
			path = QiscusCoreTests;
			sourceTree = "<group>";
		};
		3D55938320FC8A0300AE35E5 /* Example */ = {
			isa = PBXGroup;
			children = (
				3D55938420FC8A0300AE35E5 /* AppDelegate.swift */,
				3D55938620FC8A0300AE35E5 /* ViewController.swift */,
				3D55938820FC8A0300AE35E5 /* Main.storyboard */,
				3D55938B20FC8A0800AE35E5 /* Assets.xcassets */,
				3D55938D20FC8A0800AE35E5 /* LaunchScreen.storyboard */,
				3D55939020FC8A0800AE35E5 /* Info.plist */,
			);
			path = Example;
			sourceTree = "<group>";
		};
		3DDF1259213307B900E15B36 /* QiscusCore */ = {
			isa = PBXGroup;
			children = (
				3DCA8AA62149216A001326F0 /* QiscusDatabase.framework */,
				3DDF125A213307B900E15B36 /* QiscusCore.h */,
				3DDF125B213307B900E15B36 /* Util */,
				3DDF125E213307B900E15B36 /* QiscusCore.swift */,
				3DDF125F213307B900E15B36 /* QiscusComment.swift */,
				3DDF1260213307B900E15B36 /* Network */,
				3DDF126F213307B900E15B36 /* Protocol */,
				3DDF1271213307B900E15B36 /* Storage */,
				3DDF1276213307B900E15B36 /* Realtime */,
				3DDF1278213307B900E15B36 /* Model */,
				3DDF1284213307B900E15B36 /* QiscusEventManager.swift */,
				3DDF1285213307B900E15B36 /* Info.plist */,
				3DDF1286213307B900E15B36 /* QiscusRoom.swift */,
			);
			path = QiscusCore;
			sourceTree = "<group>";
		};
		3DDF125B213307B900E15B36 /* Util */ = {
			isa = PBXGroup;
			children = (
				3DDF125C213307B900E15B36 /* Data+Json.swift */,
				3DDF125D213307B900E15B36 /* QiscusLogger.swift */,
			);
			path = Util;
			sourceTree = "<group>";
		};
		3DDF1260213307B900E15B36 /* Network */ = {
			isa = PBXGroup;
			children = (
				3DF16E9E21426EE800E6B059 /* NetworkUpload.swift */,
				3DDF1261213307B900E15B36 /* NetworkMessage.swift */,
				3DDF1262213307B900E15B36 /* NetworkRoom.swift */,
				3DDF1263213307B900E15B36 /* NetworkManager.swift */,
				3DDF1264213307B900E15B36 /* Encoding */,
				3DDF1267213307B900E15B36 /* Service */,
			);
			path = Network;
			sourceTree = "<group>";
		};
		3DDF1264213307B900E15B36 /* Encoding */ = {
			isa = PBXGroup;
			children = (
				3DDF1265213307B900E15B36 /* ParameterEncoder.swift */,
				3DDF1266213307B900E15B36 /* ParameterEncoding.swift */,
			);
			path = Encoding;
			sourceTree = "<group>";
		};
		3DDF1267213307B900E15B36 /* Service */ = {
			isa = PBXGroup;
			children = (
				3DF16E9C21426EAB00E6B059 /* DownloadService.swift */,
				3DDF1268213307B900E15B36 /* HTTPUtil.swift */,
				3DDF1269213307B900E15B36 /* Router.swift */,
				3DDF126A213307B900E15B36 /* Endpoint */,
				3DDF126E213307B900E15B36 /* Endpoint.swift */,
			);
			path = Service;
			sourceTree = "<group>";
		};
		3DDF126A213307B900E15B36 /* Endpoint */ = {
			isa = PBXGroup;
			children = (
				3DDF126B213307B900E15B36 /* EndpointComment.swift */,
				3DDF126C213307B900E15B36 /* EndpointRoom.swift */,
				3DDF126D213307B900E15B36 /* EndpointUser.swift */,
			);
			path = Endpoint;
			sourceTree = "<group>";
		};
		3DDF126F213307B900E15B36 /* Protocol */ = {
			isa = PBXGroup;
			children = (
				3DDF1270213307B900E15B36 /* QiscusConnectionDelegate.swift */,
			);
			path = Protocol;
			sourceTree = "<group>";
		};
		3DDF1271213307B900E15B36 /* Storage */ = {
			isa = PBXGroup;
			children = (
				3DF16E9A21426E9000E6B059 /* QiscusFileManager.swift */,
				3DDF1272213307B900E15B36 /* QiscusStorage.swift */,
				3DDF1273213307B900E15B36 /* ConfigManager.swift */,
				3DDF1274213307B900E15B36 /* CommentStorage.swift */,
				3DDF1275213307B900E15B36 /* RoomStorage.swift */,
			);
			path = Storage;
			sourceTree = "<group>";
		};
		3DDF1276213307B900E15B36 /* Realtime */ = {
			isa = PBXGroup;
			children = (
				3DDF1277213307B900E15B36 /* RealtimeManager.swift */,
			);
			path = Realtime;
			sourceTree = "<group>";
		};
		3DDF1278213307B900E15B36 /* Model */ = {
			isa = PBXGroup;
			children = (
				3DF16E9821426E7C00E6B059 /* FileModel.swift */,
				3DDF1279213307B900E15B36 /* CommentModel.swift */,
				3DDF127A213307B900E15B36 /* Config */,
				3DDF127C213307B900E15B36 /* Comment */,
				3DDF127D213307B900E15B36 /* NonceModel.swift */,
				3DDF127E213307B900E15B36 /* UserModel.swift */,
				3DDF127F213307B900E15B36 /* QError.swift */,
				3DDF1280213307B900E15B36 /* RoomModel.swift */,
				3DDF1281213307B900E15B36 /* GenericModel.swift */,
				3DDF1282213307B900E15B36 /* Base */,
			);
			path = Model;
			sourceTree = "<group>";
		};
		3DDF127A213307B900E15B36 /* Config */ = {
			isa = PBXGroup;
			children = (
				3DDF127B213307B900E15B36 /* QiscusConfig.swift */,
			);
			path = Config;
			sourceTree = "<group>";
		};
		3DDF127C213307B900E15B36 /* Comment */ = {
			isa = PBXGroup;
			children = (
			);
			path = Comment;
			sourceTree = "<group>";
		};
		3DDF1282213307B900E15B36 /* Base */ = {
			isa = PBXGroup;
			children = (
				3DDF1283213307B900E15B36 /* ApiResponse.swift */,
			);
			path = Base;
			sourceTree = "<group>";
		};
		42551FCE4760561079503A31 /* Pods */ = {
			isa = PBXGroup;
			children = (
				C1CD2D5A88324C15CF0C55DC /* Pods-Example.debug.xcconfig */,
				C97C5A4122C08D08ADCDD0B1 /* Pods-Example.release.xcconfig */,
				AFC9813493DB53DCF29F7208 /* Pods-QiscusCore.debug.xcconfig */,
				64802D245F1D9AD426A11FD8 /* Pods-QiscusCore.release.xcconfig */,
			);
			name = Pods;
			sourceTree = "<group>";
		};
/* End PBXGroup section */

/* Begin PBXHeadersBuildPhase section */
		3D55936120FC89CD00AE35E5 /* Headers */ = {
			isa = PBXHeadersBuildPhase;
			buildActionMask = 2147483647;
			files = (
				3DDF1287213307B900E15B36 /* QiscusCore.h in Headers */,
			);
			runOnlyForDeploymentPostprocessing = 0;
		};
/* End PBXHeadersBuildPhase section */

/* Begin PBXNativeTarget section */
		3D55936320FC89CD00AE35E5 /* QiscusCore */ = {
			isa = PBXNativeTarget;
			buildConfigurationList = 3D55937820FC89CE00AE35E5 /* Build configuration list for PBXNativeTarget "QiscusCore" */;
			buildPhases = (
				02CA28665AA4D0E787FE00AD /* [CP] Check Pods Manifest.lock */,
				3D55935F20FC89CD00AE35E5 /* Sources */,
				3D55936020FC89CD00AE35E5 /* Frameworks */,
				3D55936120FC89CD00AE35E5 /* Headers */,
				3D55936220FC89CD00AE35E5 /* Resources */,
				A8A42604D1429A74DFFBFF05 /* [CP] Copy Pods Resources */,
			);
			buildRules = (
			);
			dependencies = (
			);
			name = QiscusCore;
			productName = QiscusCore;
			productReference = 3D55936420FC89CD00AE35E5 /* QiscusCore.framework */;
			productType = "com.apple.product-type.framework";
		};
		3D55936C20FC89CE00AE35E5 /* QiscusCoreTests */ = {
			isa = PBXNativeTarget;
			buildConfigurationList = 3D55937B20FC89CE00AE35E5 /* Build configuration list for PBXNativeTarget "QiscusCoreTests" */;
			buildPhases = (
				3D55936920FC89CE00AE35E5 /* Sources */,
				3D55936A20FC89CE00AE35E5 /* Frameworks */,
				3D55936B20FC89CE00AE35E5 /* Resources */,
			);
			buildRules = (
			);
			dependencies = (
				3D55937020FC89CE00AE35E5 /* PBXTargetDependency */,
			);
			name = QiscusCoreTests;
			productName = QiscusCoreTests;
			productReference = 3D55936D20FC89CE00AE35E5 /* QiscusCoreTests.xctest */;
			productType = "com.apple.product-type.bundle.unit-test";
		};
		3D55938120FC8A0300AE35E5 /* Example */ = {
			isa = PBXNativeTarget;
			buildConfigurationList = 3D55939120FC8A0800AE35E5 /* Build configuration list for PBXNativeTarget "Example" */;
			buildPhases = (
				F7556BF04363ABDDDEE9CCF1 /* [CP] Check Pods Manifest.lock */,
				3D55937E20FC8A0300AE35E5 /* Sources */,
				3D55937F20FC8A0300AE35E5 /* Frameworks */,
				3D55938020FC8A0300AE35E5 /* Resources */,
				0E5F1B28937BBEE8836F078E /* [CP] Embed Pods Frameworks */,
				BDB755FA72B5D78B99564608 /* [CP] Copy Pods Resources */,
			);
			buildRules = (
			);
			dependencies = (
			);
			name = Example;
			productName = Example;
			productReference = 3D55938220FC8A0300AE35E5 /* Example.app */;
			productType = "com.apple.product-type.application";
		};
/* End PBXNativeTarget section */

/* Begin PBXProject section */
		3D55935B20FC89CD00AE35E5 /* Project object */ = {
			isa = PBXProject;
			attributes = {
				LastSwiftUpdateCheck = 0930;
				LastUpgradeCheck = 0930;
				ORGANIZATIONNAME = Qiscus;
				TargetAttributes = {
					3D55936320FC89CD00AE35E5 = {
						CreatedOnToolsVersion = 9.3;
						LastSwiftMigration = 0930;
						ProvisioningStyle = Manual;
					};
					3D55936C20FC89CE00AE35E5 = {
						CreatedOnToolsVersion = 9.3;
						ProvisioningStyle = Automatic;
					};
					3D55938120FC8A0300AE35E5 = {
						CreatedOnToolsVersion = 9.3;
						ProvisioningStyle = Manual;
					};
				};
			};
			buildConfigurationList = 3D55935E20FC89CD00AE35E5 /* Build configuration list for PBXProject "QiscusCore" */;
			compatibilityVersion = "Xcode 8.0";
			developmentRegion = en;
			hasScannedForEncodings = 0;
			knownRegions = (
				en,
				Base,
			);
			mainGroup = 3D55935A20FC89CD00AE35E5;
			productRefGroup = 3D55936520FC89CD00AE35E5 /* Products */;
			projectDirPath = "";
			projectRoot = "";
			targets = (
				3D55936320FC89CD00AE35E5 /* QiscusCore */,
				3D55936C20FC89CE00AE35E5 /* QiscusCoreTests */,
				3D55938120FC8A0300AE35E5 /* Example */,
			);
		};
/* End PBXProject section */

/* Begin PBXResourcesBuildPhase section */
		3D55936220FC89CD00AE35E5 /* Resources */ = {
			isa = PBXResourcesBuildPhase;
			buildActionMask = 2147483647;
			files = (
				3DDF12A6213307B900E15B36 /* Info.plist in Resources */,
				3D55939520FC8F3500AE35E5 /* QiscusCore.podspec in Resources */,
			);
			runOnlyForDeploymentPostprocessing = 0;
		};
		3D55936B20FC89CE00AE35E5 /* Resources */ = {
			isa = PBXResourcesBuildPhase;
			buildActionMask = 2147483647;
			files = (
			);
			runOnlyForDeploymentPostprocessing = 0;
		};
		3D55938020FC8A0300AE35E5 /* Resources */ = {
			isa = PBXResourcesBuildPhase;
			buildActionMask = 2147483647;
			files = (
				3D55938F20FC8A0800AE35E5 /* LaunchScreen.storyboard in Resources */,
				3D55938C20FC8A0800AE35E5 /* Assets.xcassets in Resources */,
				3D55938A20FC8A0300AE35E5 /* Main.storyboard in Resources */,
			);
			runOnlyForDeploymentPostprocessing = 0;
		};
/* End PBXResourcesBuildPhase section */

/* Begin PBXShellScriptBuildPhase section */
		02CA28665AA4D0E787FE00AD /* [CP] Check Pods Manifest.lock */ = {
			isa = PBXShellScriptBuildPhase;
			buildActionMask = 2147483647;
			files = (
			);
			inputPaths = (
				"${PODS_PODFILE_DIR_PATH}/Podfile.lock",
				"${PODS_ROOT}/Manifest.lock",
			);
			name = "[CP] Check Pods Manifest.lock";
			outputPaths = (
				"$(DERIVED_FILE_DIR)/Pods-QiscusCore-checkManifestLockResult.txt",
			);
			runOnlyForDeploymentPostprocessing = 0;
			shellPath = /bin/sh;
			shellScript = "diff \"${PODS_PODFILE_DIR_PATH}/Podfile.lock\" \"${PODS_ROOT}/Manifest.lock\" > /dev/null\nif [ $? != 0 ] ; then\n    # print error to STDERR\n    echo \"error: The sandbox is not in sync with the Podfile.lock. Run 'pod install' or update your CocoaPods installation.\" >&2\n    exit 1\nfi\n# This output is used by Xcode 'outputs' to avoid re-running this script phase.\necho \"SUCCESS\" > \"${SCRIPT_OUTPUT_FILE_0}\"\n";
			showEnvVarsInLog = 0;
		};
		0E5F1B28937BBEE8836F078E /* [CP] Embed Pods Frameworks */ = {
			isa = PBXShellScriptBuildPhase;
			buildActionMask = 2147483647;
			files = (
			);
			inputPaths = (
				"${SRCROOT}/Pods/Target Support Files/Pods-Example/Pods-Example-frameworks.sh",
				"${BUILT_PRODUCTS_DIR}/CocoaAsyncSocket/CocoaAsyncSocket.framework",
				"${BUILT_PRODUCTS_DIR}/CocoaMQTT/CocoaMQTT.framework",
				"${PODS_ROOT}/../Cocoapods/QiscusCore.framework",
				"${PODS_ROOT}/../Cocoapods/QiscusCore.framework.dSYM",
				"${BUILT_PRODUCTS_DIR}/QiscusRealtime/QiscusRealtime.framework",
				"${BUILT_PRODUCTS_DIR}/SwiftyJSON/SwiftyJSON.framework",
				"${BUILT_PRODUCTS_DIR}/SwiftyTimer/SwiftyTimer.framework",
			);
			name = "[CP] Embed Pods Frameworks";
			outputPaths = (
				"${TARGET_BUILD_DIR}/${FRAMEWORKS_FOLDER_PATH}/CocoaAsyncSocket.framework",
				"${TARGET_BUILD_DIR}/${FRAMEWORKS_FOLDER_PATH}/CocoaMQTT.framework",
				"${TARGET_BUILD_DIR}/${FRAMEWORKS_FOLDER_PATH}/QiscusCore.framework",
				"${DWARF_DSYM_FOLDER_PATH}/QiscusCore.framework.dSYM",
				"${TARGET_BUILD_DIR}/${FRAMEWORKS_FOLDER_PATH}/QiscusRealtime.framework",
				"${TARGET_BUILD_DIR}/${FRAMEWORKS_FOLDER_PATH}/SwiftyJSON.framework",
				"${TARGET_BUILD_DIR}/${FRAMEWORKS_FOLDER_PATH}/SwiftyTimer.framework",
			);
			runOnlyForDeploymentPostprocessing = 0;
			shellPath = /bin/sh;
			shellScript = "\"${SRCROOT}/Pods/Target Support Files/Pods-Example/Pods-Example-frameworks.sh\"\n";
			showEnvVarsInLog = 0;
		};
		A8A42604D1429A74DFFBFF05 /* [CP] Copy Pods Resources */ = {
			isa = PBXShellScriptBuildPhase;
			buildActionMask = 2147483647;
			files = (
			);
			inputPaths = (
			);
			name = "[CP] Copy Pods Resources";
			outputPaths = (
			);
			runOnlyForDeploymentPostprocessing = 0;
			shellPath = /bin/sh;
			shellScript = "\"${SRCROOT}/Pods/Target Support Files/Pods-QiscusCore/Pods-QiscusCore-resources.sh\"\n";
			showEnvVarsInLog = 0;
		};
		BDB755FA72B5D78B99564608 /* [CP] Copy Pods Resources */ = {
			isa = PBXShellScriptBuildPhase;
			buildActionMask = 2147483647;
			files = (
			);
			inputPaths = (
			);
			name = "[CP] Copy Pods Resources";
			outputPaths = (
			);
			runOnlyForDeploymentPostprocessing = 0;
			shellPath = /bin/sh;
			shellScript = "\"${SRCROOT}/Pods/Target Support Files/Pods-Example/Pods-Example-resources.sh\"\n";
			showEnvVarsInLog = 0;
		};
		F7556BF04363ABDDDEE9CCF1 /* [CP] Check Pods Manifest.lock */ = {
			isa = PBXShellScriptBuildPhase;
			buildActionMask = 2147483647;
			files = (
			);
			inputPaths = (
				"${PODS_PODFILE_DIR_PATH}/Podfile.lock",
				"${PODS_ROOT}/Manifest.lock",
			);
			name = "[CP] Check Pods Manifest.lock";
			outputPaths = (
				"$(DERIVED_FILE_DIR)/Pods-Example-checkManifestLockResult.txt",
			);
			runOnlyForDeploymentPostprocessing = 0;
			shellPath = /bin/sh;
			shellScript = "diff \"${PODS_PODFILE_DIR_PATH}/Podfile.lock\" \"${PODS_ROOT}/Manifest.lock\" > /dev/null\nif [ $? != 0 ] ; then\n    # print error to STDERR\n    echo \"error: The sandbox is not in sync with the Podfile.lock. Run 'pod install' or update your CocoaPods installation.\" >&2\n    exit 1\nfi\n# This output is used by Xcode 'outputs' to avoid re-running this script phase.\necho \"SUCCESS\" > \"${SCRIPT_OUTPUT_FILE_0}\"\n";
			showEnvVarsInLog = 0;
		};
/* End PBXShellScriptBuildPhase section */

/* Begin PBXSourcesBuildPhase section */
		3D55935F20FC89CD00AE35E5 /* Sources */ = {
			isa = PBXSourcesBuildPhase;
			buildActionMask = 2147483647;
			files = (
				3DDF128A213307B900E15B36 /* QiscusCore.swift in Sources */,
				3DDF12A2213307B900E15B36 /* RoomModel.swift in Sources */,
				3DDF12A7213307B900E15B36 /* QiscusRoom.swift in Sources */,
				3DDF1289213307B900E15B36 /* QiscusLogger.swift in Sources */,
				3DDF1288213307B900E15B36 /* Data+Json.swift in Sources */,
				3DDF1297213307B900E15B36 /* QiscusConnectionDelegate.swift in Sources */,
				3DDF129C213307B900E15B36 /* RealtimeManager.swift in Sources */,
				3DDF12A5213307B900E15B36 /* QiscusEventManager.swift in Sources */,
				3DDF128C213307B900E15B36 /* NetworkMessage.swift in Sources */,
				3DDF1291213307B900E15B36 /* HTTPUtil.swift in Sources */,
				3DDF128B213307B900E15B36 /* QiscusComment.swift in Sources */,
				3DDF1293213307B900E15B36 /* EndpointComment.swift in Sources */,
				3DDF1295213307B900E15B36 /* EndpointUser.swift in Sources */,
				3DDF1298213307B900E15B36 /* QiscusStorage.swift in Sources */,
				3DDF129D213307B900E15B36 /* CommentModel.swift in Sources */,
				3DF16E9B21426E9000E6B059 /* QiscusFileManager.swift in Sources */,
				3DDF128D213307B900E15B36 /* NetworkRoom.swift in Sources */,
				3DDF1294213307B900E15B36 /* EndpointRoom.swift in Sources */,
				3DDF129F213307B900E15B36 /* NonceModel.swift in Sources */,
				3DDF1299213307B900E15B36 /* ConfigManager.swift in Sources */,
				3DDF129A213307B900E15B36 /* CommentStorage.swift in Sources */,
				3DF16E9D21426EAB00E6B059 /* DownloadService.swift in Sources */,
				3DDF129B213307B900E15B36 /* RoomStorage.swift in Sources */,
				3DDF1290213307B900E15B36 /* ParameterEncoding.swift in Sources */,
				3DDF1292213307B900E15B36 /* Router.swift in Sources */,
				3DDF12A1213307B900E15B36 /* QError.swift in Sources */,
				3DDF128F213307B900E15B36 /* ParameterEncoder.swift in Sources */,
				3DF16E9F21426EE800E6B059 /* NetworkUpload.swift in Sources */,
				3DDF12A0213307B900E15B36 /* UserModel.swift in Sources */,
				3DDF128E213307B900E15B36 /* NetworkManager.swift in Sources */,
				3DF16E9921426E7C00E6B059 /* FileModel.swift in Sources */,
				3DDF12A3213307B900E15B36 /* GenericModel.swift in Sources */,
				3DDF1296213307B900E15B36 /* Endpoint.swift in Sources */,
				3DDF12A4213307B900E15B36 /* ApiResponse.swift in Sources */,
				3DDF129E213307B900E15B36 /* QiscusConfig.swift in Sources */,
			);
			runOnlyForDeploymentPostprocessing = 0;
		};
		3D55936920FC89CE00AE35E5 /* Sources */ = {
			isa = PBXSourcesBuildPhase;
			buildActionMask = 2147483647;
			files = (
				3D55937320FC89CE00AE35E5 /* QiscusCoreTests.swift in Sources */,
			);
			runOnlyForDeploymentPostprocessing = 0;
		};
		3D55937E20FC8A0300AE35E5 /* Sources */ = {
			isa = PBXSourcesBuildPhase;
			buildActionMask = 2147483647;
			files = (
				3D55938720FC8A0300AE35E5 /* ViewController.swift in Sources */,
				3D55938520FC8A0300AE35E5 /* AppDelegate.swift in Sources */,
			);
			runOnlyForDeploymentPostprocessing = 0;
		};
/* End PBXSourcesBuildPhase section */

/* Begin PBXTargetDependency section */
		3D55937020FC89CE00AE35E5 /* PBXTargetDependency */ = {
			isa = PBXTargetDependency;
			target = 3D55936320FC89CD00AE35E5 /* QiscusCore */;
			targetProxy = 3D55936F20FC89CE00AE35E5 /* PBXContainerItemProxy */;
		};
/* End PBXTargetDependency section */

/* Begin PBXVariantGroup section */
		3D55938820FC8A0300AE35E5 /* Main.storyboard */ = {
			isa = PBXVariantGroup;
			children = (
				3D55938920FC8A0300AE35E5 /* Base */,
			);
			name = Main.storyboard;
			sourceTree = "<group>";
		};
		3D55938D20FC8A0800AE35E5 /* LaunchScreen.storyboard */ = {
			isa = PBXVariantGroup;
			children = (
				3D55938E20FC8A0800AE35E5 /* Base */,
			);
			name = LaunchScreen.storyboard;
			sourceTree = "<group>";
		};
/* End PBXVariantGroup section */

/* Begin XCBuildConfiguration section */
		3D55937620FC89CE00AE35E5 /* Debug */ = {
			isa = XCBuildConfiguration;
			buildSettings = {
				ALWAYS_SEARCH_USER_PATHS = NO;
				CLANG_ANALYZER_NONNULL = YES;
				CLANG_ANALYZER_NUMBER_OBJECT_CONVERSION = YES_AGGRESSIVE;
				CLANG_CXX_LANGUAGE_STANDARD = "gnu++14";
				CLANG_CXX_LIBRARY = "libc++";
				CLANG_ENABLE_MODULES = YES;
				CLANG_ENABLE_OBJC_ARC = YES;
				CLANG_ENABLE_OBJC_WEAK = YES;
				CLANG_WARN_BLOCK_CAPTURE_AUTORELEASING = YES;
				CLANG_WARN_BOOL_CONVERSION = YES;
				CLANG_WARN_COMMA = YES;
				CLANG_WARN_CONSTANT_CONVERSION = YES;
				CLANG_WARN_DEPRECATED_OBJC_IMPLEMENTATIONS = YES;
				CLANG_WARN_DIRECT_OBJC_ISA_USAGE = YES_ERROR;
				CLANG_WARN_DOCUMENTATION_COMMENTS = YES;
				CLANG_WARN_EMPTY_BODY = YES;
				CLANG_WARN_ENUM_CONVERSION = YES;
				CLANG_WARN_INFINITE_RECURSION = YES;
				CLANG_WARN_INT_CONVERSION = YES;
				CLANG_WARN_NON_LITERAL_NULL_CONVERSION = YES;
				CLANG_WARN_OBJC_IMPLICIT_RETAIN_SELF = YES;
				CLANG_WARN_OBJC_LITERAL_CONVERSION = YES;
				CLANG_WARN_OBJC_ROOT_CLASS = YES_ERROR;
				CLANG_WARN_RANGE_LOOP_ANALYSIS = YES;
				CLANG_WARN_STRICT_PROTOTYPES = YES;
				CLANG_WARN_SUSPICIOUS_MOVE = YES;
				CLANG_WARN_UNGUARDED_AVAILABILITY = YES_AGGRESSIVE;
				CLANG_WARN_UNREACHABLE_CODE = YES;
				CLANG_WARN__DUPLICATE_METHOD_MATCH = YES;
				CODE_SIGN_IDENTITY = "iPhone Developer";
				COPY_PHASE_STRIP = NO;
				CURRENT_PROJECT_VERSION = 1;
				DEBUG_INFORMATION_FORMAT = dwarf;
				ENABLE_STRICT_OBJC_MSGSEND = YES;
				ENABLE_TESTABILITY = YES;
				GCC_C_LANGUAGE_STANDARD = gnu11;
				GCC_DYNAMIC_NO_PIC = NO;
				GCC_NO_COMMON_BLOCKS = YES;
				GCC_OPTIMIZATION_LEVEL = 0;
				GCC_PREPROCESSOR_DEFINITIONS = (
					"DEBUG=1",
					"$(inherited)",
				);
				GCC_WARN_64_TO_32_BIT_CONVERSION = YES;
				GCC_WARN_ABOUT_RETURN_TYPE = YES_ERROR;
				GCC_WARN_UNDECLARED_SELECTOR = YES;
				GCC_WARN_UNINITIALIZED_AUTOS = YES_AGGRESSIVE;
				GCC_WARN_UNUSED_FUNCTION = YES;
				GCC_WARN_UNUSED_VARIABLE = YES;
				IPHONEOS_DEPLOYMENT_TARGET = 10.3;
				MTL_ENABLE_DEBUG_INFO = YES;
				ONLY_ACTIVE_ARCH = YES;
				SDKROOT = iphoneos;
				SWIFT_ACTIVE_COMPILATION_CONDITIONS = DEBUG;
				SWIFT_OPTIMIZATION_LEVEL = "-Onone";
				VERSIONING_SYSTEM = "apple-generic";
				VERSION_INFO_PREFIX = "";
			};
			name = Debug;
		};
		3D55937720FC89CE00AE35E5 /* Release */ = {
			isa = XCBuildConfiguration;
			buildSettings = {
				ALWAYS_SEARCH_USER_PATHS = NO;
				CLANG_ANALYZER_NONNULL = YES;
				CLANG_ANALYZER_NUMBER_OBJECT_CONVERSION = YES_AGGRESSIVE;
				CLANG_CXX_LANGUAGE_STANDARD = "gnu++14";
				CLANG_CXX_LIBRARY = "libc++";
				CLANG_ENABLE_MODULES = YES;
				CLANG_ENABLE_OBJC_ARC = YES;
				CLANG_ENABLE_OBJC_WEAK = YES;
				CLANG_WARN_BLOCK_CAPTURE_AUTORELEASING = YES;
				CLANG_WARN_BOOL_CONVERSION = YES;
				CLANG_WARN_COMMA = YES;
				CLANG_WARN_CONSTANT_CONVERSION = YES;
				CLANG_WARN_DEPRECATED_OBJC_IMPLEMENTATIONS = YES;
				CLANG_WARN_DIRECT_OBJC_ISA_USAGE = YES_ERROR;
				CLANG_WARN_DOCUMENTATION_COMMENTS = YES;
				CLANG_WARN_EMPTY_BODY = YES;
				CLANG_WARN_ENUM_CONVERSION = YES;
				CLANG_WARN_INFINITE_RECURSION = YES;
				CLANG_WARN_INT_CONVERSION = YES;
				CLANG_WARN_NON_LITERAL_NULL_CONVERSION = YES;
				CLANG_WARN_OBJC_IMPLICIT_RETAIN_SELF = YES;
				CLANG_WARN_OBJC_LITERAL_CONVERSION = YES;
				CLANG_WARN_OBJC_ROOT_CLASS = YES_ERROR;
				CLANG_WARN_RANGE_LOOP_ANALYSIS = YES;
				CLANG_WARN_STRICT_PROTOTYPES = YES;
				CLANG_WARN_SUSPICIOUS_MOVE = YES;
				CLANG_WARN_UNGUARDED_AVAILABILITY = YES_AGGRESSIVE;
				CLANG_WARN_UNREACHABLE_CODE = YES;
				CLANG_WARN__DUPLICATE_METHOD_MATCH = YES;
				CODE_SIGN_IDENTITY = "iPhone Developer";
				COPY_PHASE_STRIP = NO;
				CURRENT_PROJECT_VERSION = 1;
				DEBUG_INFORMATION_FORMAT = "dwarf-with-dsym";
				ENABLE_NS_ASSERTIONS = NO;
				ENABLE_STRICT_OBJC_MSGSEND = YES;
				GCC_C_LANGUAGE_STANDARD = gnu11;
				GCC_NO_COMMON_BLOCKS = YES;
				GCC_WARN_64_TO_32_BIT_CONVERSION = YES;
				GCC_WARN_ABOUT_RETURN_TYPE = YES_ERROR;
				GCC_WARN_UNDECLARED_SELECTOR = YES;
				GCC_WARN_UNINITIALIZED_AUTOS = YES_AGGRESSIVE;
				GCC_WARN_UNUSED_FUNCTION = YES;
				GCC_WARN_UNUSED_VARIABLE = YES;
				IPHONEOS_DEPLOYMENT_TARGET = 10.3;
				MTL_ENABLE_DEBUG_INFO = NO;
				SDKROOT = iphoneos;
				SWIFT_OPTIMIZATION_LEVEL = "-Owholemodule";
				VALIDATE_PRODUCT = YES;
				VERSIONING_SYSTEM = "apple-generic";
				VERSION_INFO_PREFIX = "";
			};
			name = Release;
		};
		3D55937920FC89CE00AE35E5 /* Debug */ = {
			isa = XCBuildConfiguration;
			baseConfigurationReference = AFC9813493DB53DCF29F7208 /* Pods-QiscusCore.debug.xcconfig */;
			buildSettings = {
				CLANG_ENABLE_MODULES = YES;
				CODE_SIGN_IDENTITY = "";
				"CODE_SIGN_IDENTITY[sdk=iphoneos*]" = "iPhone Developer";
				CODE_SIGN_STYLE = Manual;
				DEFINES_MODULE = YES;
				DEVELOPMENT_TEAM = QG8KA4P8TE;
				DYLIB_COMPATIBILITY_VERSION = 1;
				DYLIB_CURRENT_VERSION = 1;
				DYLIB_INSTALL_NAME_BASE = "@rpath";
				FRAMEWORK_SEARCH_PATHS = (
					"$(inherited)",
					"$(PROJECT_DIR)",
				);
				INFOPLIST_FILE = QiscusCore/Info.plist;
				INSTALL_PATH = "$(LOCAL_LIBRARY_DIR)/Frameworks";
				IPHONEOS_DEPLOYMENT_TARGET = 10.0;
				LD_RUNPATH_SEARCH_PATHS = "$(inherited) @executable_path/Frameworks @loader_path/Frameworks";
				PRODUCT_BUNDLE_IDENTIFIER = com.qiscus.sdk;
				PRODUCT_NAME = "$(TARGET_NAME:c99extidentifier)";
				PROVISIONING_PROFILE_SPECIFIER = "";
				SKIP_INSTALL = NO;
				SWIFT_OPTIMIZATION_LEVEL = "-Onone";
				SWIFT_VERSION = 4.0;
				TARGETED_DEVICE_FAMILY = "1,2";
			};
			name = Debug;
		};
		3D55937A20FC89CE00AE35E5 /* Release */ = {
			isa = XCBuildConfiguration;
			baseConfigurationReference = 64802D245F1D9AD426A11FD8 /* Pods-QiscusCore.release.xcconfig */;
			buildSettings = {
				CLANG_ENABLE_MODULES = YES;
				CODE_SIGN_IDENTITY = "";
				"CODE_SIGN_IDENTITY[sdk=iphoneos*]" = "iPhone Developer";
				CODE_SIGN_STYLE = Manual;
				DEFINES_MODULE = YES;
				DEVELOPMENT_TEAM = QG8KA4P8TE;
				DYLIB_COMPATIBILITY_VERSION = 1;
				DYLIB_CURRENT_VERSION = 1;
				DYLIB_INSTALL_NAME_BASE = "@rpath";
				FRAMEWORK_SEARCH_PATHS = (
					"$(inherited)",
					"$(PROJECT_DIR)",
				);
				INFOPLIST_FILE = QiscusCore/Info.plist;
				INSTALL_PATH = "$(LOCAL_LIBRARY_DIR)/Frameworks";
				IPHONEOS_DEPLOYMENT_TARGET = 10.0;
				LD_RUNPATH_SEARCH_PATHS = "$(inherited) @executable_path/Frameworks @loader_path/Frameworks";
				PRODUCT_BUNDLE_IDENTIFIER = com.qiscus.sdk;
				PRODUCT_NAME = "$(TARGET_NAME:c99extidentifier)";
				PROVISIONING_PROFILE_SPECIFIER = "";
				SKIP_INSTALL = NO;
				SWIFT_VERSION = 4.0;
				TARGETED_DEVICE_FAMILY = "1,2";
			};
			name = Release;
		};
		3D55937C20FC89CE00AE35E5 /* Debug */ = {
			isa = XCBuildConfiguration;
			buildSettings = {
				ALWAYS_EMBED_SWIFT_STANDARD_LIBRARIES = YES;
				CODE_SIGN_STYLE = Automatic;
				DEVELOPMENT_TEAM = QG8KA4P8TE;
				INFOPLIST_FILE = QiscusCoreTests/Info.plist;
				LD_RUNPATH_SEARCH_PATHS = "$(inherited) @executable_path/Frameworks @loader_path/Frameworks";
				PRODUCT_BUNDLE_IDENTIFIER = com.qiscusdev.QiscusCoreTests;
				PRODUCT_NAME = "$(TARGET_NAME)";
				SWIFT_VERSION = 4.0;
				TARGETED_DEVICE_FAMILY = "1,2";
			};
			name = Debug;
		};
		3D55937D20FC89CE00AE35E5 /* Release */ = {
			isa = XCBuildConfiguration;
			buildSettings = {
				ALWAYS_EMBED_SWIFT_STANDARD_LIBRARIES = YES;
				CODE_SIGN_STYLE = Automatic;
				DEVELOPMENT_TEAM = QG8KA4P8TE;
				INFOPLIST_FILE = QiscusCoreTests/Info.plist;
				LD_RUNPATH_SEARCH_PATHS = "$(inherited) @executable_path/Frameworks @loader_path/Frameworks";
				PRODUCT_BUNDLE_IDENTIFIER = com.qiscusdev.QiscusCoreTests;
				PRODUCT_NAME = "$(TARGET_NAME)";
				SWIFT_VERSION = 4.0;
				TARGETED_DEVICE_FAMILY = "1,2";
			};
			name = Release;
		};
		3D55939220FC8A0800AE35E5 /* Debug */ = {
			isa = XCBuildConfiguration;
			baseConfigurationReference = C1CD2D5A88324C15CF0C55DC /* Pods-Example.debug.xcconfig */;
			buildSettings = {
				ASSETCATALOG_COMPILER_APPICON_NAME = AppIcon;
				CODE_SIGN_STYLE = Manual;
				DEVELOPMENT_TEAM = QG8KA4P8TE;
				INFOPLIST_FILE = Example/Info.plist;
				IPHONEOS_DEPLOYMENT_TARGET = 9.0;
				LD_RUNPATH_SEARCH_PATHS = "$(inherited) @executable_path/Frameworks";
				PRODUCT_BUNDLE_IDENTIFIER = com.qiscusdev.Example;
				PRODUCT_NAME = "$(TARGET_NAME)";
				PROVISIONING_PROFILE = "24c80830-ed36-40fb-b16a-d8c5843cc2d5";
				PROVISIONING_PROFILE_SPECIFIER = QiscusDev;
				SWIFT_VERSION = 4.0;
				TARGETED_DEVICE_FAMILY = "1,2";
			};
			name = Debug;
		};
		3D55939320FC8A0800AE35E5 /* Release */ = {
			isa = XCBuildConfiguration;
			baseConfigurationReference = C97C5A4122C08D08ADCDD0B1 /* Pods-Example.release.xcconfig */;
			buildSettings = {
				ASSETCATALOG_COMPILER_APPICON_NAME = AppIcon;
				CODE_SIGN_STYLE = Manual;
				DEVELOPMENT_TEAM = QG8KA4P8TE;
				INFOPLIST_FILE = Example/Info.plist;
				IPHONEOS_DEPLOYMENT_TARGET = 9.0;
				LD_RUNPATH_SEARCH_PATHS = "$(inherited) @executable_path/Frameworks";
				PRODUCT_BUNDLE_IDENTIFIER = com.qiscusdev.Example;
				PRODUCT_NAME = "$(TARGET_NAME)";
				PROVISIONING_PROFILE = "24c80830-ed36-40fb-b16a-d8c5843cc2d5";
				PROVISIONING_PROFILE_SPECIFIER = QiscusDev;
				SWIFT_VERSION = 4.0;
				TARGETED_DEVICE_FAMILY = "1,2";
			};
			name = Release;
		};
/* End XCBuildConfiguration section */

/* Begin XCConfigurationList section */
		3D55935E20FC89CD00AE35E5 /* Build configuration list for PBXProject "QiscusCore" */ = {
			isa = XCConfigurationList;
			buildConfigurations = (
				3D55937620FC89CE00AE35E5 /* Debug */,
				3D55937720FC89CE00AE35E5 /* Release */,
			);
			defaultConfigurationIsVisible = 0;
			defaultConfigurationName = Release;
		};
		3D55937820FC89CE00AE35E5 /* Build configuration list for PBXNativeTarget "QiscusCore" */ = {
			isa = XCConfigurationList;
			buildConfigurations = (
				3D55937920FC89CE00AE35E5 /* Debug */,
				3D55937A20FC89CE00AE35E5 /* Release */,
			);
			defaultConfigurationIsVisible = 0;
			defaultConfigurationName = Release;
		};
		3D55937B20FC89CE00AE35E5 /* Build configuration list for PBXNativeTarget "QiscusCoreTests" */ = {
			isa = XCConfigurationList;
			buildConfigurations = (
				3D55937C20FC89CE00AE35E5 /* Debug */,
				3D55937D20FC89CE00AE35E5 /* Release */,
			);
			defaultConfigurationIsVisible = 0;
			defaultConfigurationName = Release;
		};
		3D55939120FC8A0800AE35E5 /* Build configuration list for PBXNativeTarget "Example" */ = {
			isa = XCConfigurationList;
			buildConfigurations = (
				3D55939220FC8A0800AE35E5 /* Debug */,
				3D55939320FC8A0800AE35E5 /* Release */,
			);
			defaultConfigurationIsVisible = 0;
			defaultConfigurationName = Release;
		};
/* End XCConfigurationList section */
	};
	rootObject = 3D55935B20FC89CD00AE35E5 /* Project object */;
}
