// !$*UTF8*$!
{
	archiveVersion = 1;
	classes = {
	};
	objectVersion = 48;
	objects = {

/* Begin PBXBuildFile section */
		1A9AE35F987E498A4394B208 /* Pods_Example.framework in Frameworks */ = {isa = PBXBuildFile; fileRef = A30556DA65A102F1FEE21504 /* Pods_Example.framework */; };
		3D3F9DE521880A3500DDD00C /* QiscusCore.h in Headers */ = {isa = PBXBuildFile; fileRef = 3D3F9DA121880A3400DDD00C /* QiscusCore.h */; };
		3D3F9DE621880A3500DDD00C /* QiscusHeartBeat.swift in Sources */ = {isa = PBXBuildFile; fileRef = 3D3F9DA321880A3400DDD00C /* QiscusHeartBeat.swift */; };
		3D3F9DE721880A3500DDD00C /* QiscusWorker.swift in Sources */ = {isa = PBXBuildFile; fileRef = 3D3F9DA421880A3400DDD00C /* QiscusWorker.swift */; };
		3D3F9DE821880A3500DDD00C /* Data+Json.swift in Sources */ = {isa = PBXBuildFile; fileRef = 3D3F9DA521880A3400DDD00C /* Data+Json.swift */; };
		3D3F9DE921880A3500DDD00C /* QiscusLogger.swift in Sources */ = {isa = PBXBuildFile; fileRef = 3D3F9DA621880A3400DDD00C /* QiscusLogger.swift */; };
		3D3F9DEA21880A3500DDD00C /* QiscusThread.swift in Sources */ = {isa = PBXBuildFile; fileRef = 3D3F9DA721880A3400DDD00C /* QiscusThread.swift */; };
		3D3F9DEB21880A3500DDD00C /* QiscusRoom.swift in Sources */ = {isa = PBXBuildFile; fileRef = 3D3F9DA821880A3400DDD00C /* QiscusRoom.swift */; };
		3D3F9DEC21880A3500DDD00C /* CommentModel.swift in Sources */ = {isa = PBXBuildFile; fileRef = 3D3F9DAA21880A3400DDD00C /* CommentModel.swift */; };
		3D3F9DED21880A3500DDD00C /* FileModel.swift in Sources */ = {isa = PBXBuildFile; fileRef = 3D3F9DAB21880A3400DDD00C /* FileModel.swift */; };
		3D3F9DEE21880A3500DDD00C /* QiscusConfig.swift in Sources */ = {isa = PBXBuildFile; fileRef = 3D3F9DAD21880A3400DDD00C /* QiscusConfig.swift */; };
		3D3F9DEF21880A3500DDD00C /* NonceModel.swift in Sources */ = {isa = PBXBuildFile; fileRef = 3D3F9DAE21880A3400DDD00C /* NonceModel.swift */; };
		3D3F9DF021880A3500DDD00C /* UserModel.swift in Sources */ = {isa = PBXBuildFile; fileRef = 3D3F9DAF21880A3400DDD00C /* UserModel.swift */; };
		3D3F9DF121880A3500DDD00C /* QError.swift in Sources */ = {isa = PBXBuildFile; fileRef = 3D3F9DB021880A3400DDD00C /* QError.swift */; };
		3D3F9DF221880A3500DDD00C /* RoomModel.swift in Sources */ = {isa = PBXBuildFile; fileRef = 3D3F9DB121880A3400DDD00C /* RoomModel.swift */; };
		3D3F9DF321880A3500DDD00C /* GenericModel.swift in Sources */ = {isa = PBXBuildFile; fileRef = 3D3F9DB221880A3400DDD00C /* GenericModel.swift */; };
		3D3F9DF421880A3500DDD00C /* ApiResponse.swift in Sources */ = {isa = PBXBuildFile; fileRef = 3D3F9DB421880A3400DDD00C /* ApiResponse.swift */; };
		3D3F9DF521880A3500DDD00C /* RealtimeManager.swift in Sources */ = {isa = PBXBuildFile; fileRef = 3D3F9DB621880A3400DDD00C /* RealtimeManager.swift */; };
		3D3F9DF621880A3500DDD00C /* CommentStorage.swift in Sources */ = {isa = PBXBuildFile; fileRef = 3D3F9DB821880A3400DDD00C /* CommentStorage.swift */; };
		3D3F9DF721880A3500DDD00C /* MemberDatabase.swift in Sources */ = {isa = PBXBuildFile; fileRef = 3D3F9DB921880A3400DDD00C /* MemberDatabase.swift */; };
		3D3F9DF821880A3500DDD00C /* RoomStorage.swift in Sources */ = {isa = PBXBuildFile; fileRef = 3D3F9DBA21880A3400DDD00C /* RoomStorage.swift */; };
		3D3F9DF921880A3500DDD00C /* QiscusDatabaseManager.swift in Sources */ = {isa = PBXBuildFile; fileRef = 3D3F9DBB21880A3400DDD00C /* QiscusDatabaseManager.swift */; };
		3D3F9DFA21880A3500DDD00C /* Qiscus.xcdatamodeld in Sources */ = {isa = PBXBuildFile; fileRef = 3D3F9DBD21880A3400DDD00C /* Qiscus.xcdatamodeld */; };
		3D3F9DFB21880A3500DDD00C /* QiscusDatabase.swift in Sources */ = {isa = PBXBuildFile; fileRef = 3D3F9DBF21880A3400DDD00C /* QiscusDatabase.swift */; };
		3D3F9DFC21880A3500DDD00C /* Room+CoreDataClass.swift in Sources */ = {isa = PBXBuildFile; fileRef = 3D3F9DC121880A3400DDD00C /* Room+CoreDataClass.swift */; };
		3D3F9DFD21880A3500DDD00C /* ActiveRecord.swift in Sources */ = {isa = PBXBuildFile; fileRef = 3D3F9DC221880A3400DDD00C /* ActiveRecord.swift */; };
		3D3F9DFE21880A3500DDD00C /* Comment+CoreDataClass.swift in Sources */ = {isa = PBXBuildFile; fileRef = 3D3F9DC321880A3400DDD00C /* Comment+CoreDataClass.swift */; };
		3D3F9DFF21880A3500DDD00C /* Member+CoreDataProperties.swift in Sources */ = {isa = PBXBuildFile; fileRef = 3D3F9DC421880A3400DDD00C /* Member+CoreDataProperties.swift */; };
		3D3F9E0021880A3500DDD00C /* Comment+CoreDataProperties.swift in Sources */ = {isa = PBXBuildFile; fileRef = 3D3F9DC521880A3400DDD00C /* Comment+CoreDataProperties.swift */; };
		3D3F9E0121880A3500DDD00C /* Member+CoreDataClass.swift in Sources */ = {isa = PBXBuildFile; fileRef = 3D3F9DC621880A3400DDD00C /* Member+CoreDataClass.swift */; };
		3D3F9E0221880A3500DDD00C /* Room+CoreDataProperties.swift in Sources */ = {isa = PBXBuildFile; fileRef = 3D3F9DC721880A3400DDD00C /* Room+CoreDataProperties.swift */; };
		3D3F9E0321880A3500DDD00C /* PersistentStore.swift in Sources */ = {isa = PBXBuildFile; fileRef = 3D3F9DC821880A3400DDD00C /* PersistentStore.swift */; };
		3D3F9E0421880A3500DDD00C /* QiscusComment.swift in Sources */ = {isa = PBXBuildFile; fileRef = 3D3F9DC921880A3400DDD00C /* QiscusComment.swift */; };
		3D3F9E0521880A3500DDD00C /* QiscusStorage.swift in Sources */ = {isa = PBXBuildFile; fileRef = 3D3F9DCB21880A3400DDD00C /* QiscusStorage.swift */; };
		3D3F9E0621880A3500DDD00C /* ConfigManager.swift in Sources */ = {isa = PBXBuildFile; fileRef = 3D3F9DCC21880A3400DDD00C /* ConfigManager.swift */; };
		3D3F9E0721880A3500DDD00C /* QiscusFileManager.swift in Sources */ = {isa = PBXBuildFile; fileRef = 3D3F9DCD21880A3400DDD00C /* QiscusFileManager.swift */; };
		3D3F9E0821880A3500DDD00C /* QiscusWorkerManager.swift in Sources */ = {isa = PBXBuildFile; fileRef = 3D3F9DCE21880A3400DDD00C /* QiscusWorkerManager.swift */; };
		3D3F9E0921880A3500DDD00C /* Info.plist in Resources */ = {isa = PBXBuildFile; fileRef = 3D3F9DCF21880A3500DDD00C /* Info.plist */; };
		3D3F9E0A21880A3500DDD00C /* NetworkMessage.swift in Sources */ = {isa = PBXBuildFile; fileRef = 3D3F9DD121880A3500DDD00C /* NetworkMessage.swift */; };
		3D3F9E0B21880A3500DDD00C /* NetworkUpload.swift in Sources */ = {isa = PBXBuildFile; fileRef = 3D3F9DD221880A3500DDD00C /* NetworkUpload.swift */; };
		3D3F9E0C21880A3500DDD00C /* NetworkRoom.swift in Sources */ = {isa = PBXBuildFile; fileRef = 3D3F9DD321880A3500DDD00C /* NetworkRoom.swift */; };
		3D3F9E0D21880A3500DDD00C /* NetworkManager.swift in Sources */ = {isa = PBXBuildFile; fileRef = 3D3F9DD421880A3500DDD00C /* NetworkManager.swift */; };
		3D3F9E0E21880A3500DDD00C /* ParameterEncoder.swift in Sources */ = {isa = PBXBuildFile; fileRef = 3D3F9DD621880A3500DDD00C /* ParameterEncoder.swift */; };
		3D3F9E0F21880A3500DDD00C /* ParameterEncoding.swift in Sources */ = {isa = PBXBuildFile; fileRef = 3D3F9DD721880A3500DDD00C /* ParameterEncoding.swift */; };
		3D3F9E1021880A3500DDD00C /* HTTPUtil.swift in Sources */ = {isa = PBXBuildFile; fileRef = 3D3F9DD921880A3500DDD00C /* HTTPUtil.swift */; };
		3D3F9E1121880A3500DDD00C /* Router.swift in Sources */ = {isa = PBXBuildFile; fileRef = 3D3F9DDA21880A3500DDD00C /* Router.swift */; };
		3D3F9E1221880A3500DDD00C /* EndpointComment.swift in Sources */ = {isa = PBXBuildFile; fileRef = 3D3F9DDC21880A3500DDD00C /* EndpointComment.swift */; };
		3D3F9E1321880A3500DDD00C /* EndpointRoom.swift in Sources */ = {isa = PBXBuildFile; fileRef = 3D3F9DDD21880A3500DDD00C /* EndpointRoom.swift */; };
		3D3F9E1421880A3500DDD00C /* EndpointUser.swift in Sources */ = {isa = PBXBuildFile; fileRef = 3D3F9DDE21880A3500DDD00C /* EndpointUser.swift */; };
		3D3F9E1521880A3500DDD00C /* DownloadService.swift in Sources */ = {isa = PBXBuildFile; fileRef = 3D3F9DDF21880A3500DDD00C /* DownloadService.swift */; };
		3D3F9E1621880A3500DDD00C /* Endpoint.swift in Sources */ = {isa = PBXBuildFile; fileRef = 3D3F9DE021880A3500DDD00C /* Endpoint.swift */; };
		3D3F9E1721880A3500DDD00C /* QiscusConnectionDelegate.swift in Sources */ = {isa = PBXBuildFile; fileRef = 3D3F9DE221880A3500DDD00C /* QiscusConnectionDelegate.swift */; };
		3D3F9E1821880A3500DDD00C /* QiscusCore.swift in Sources */ = {isa = PBXBuildFile; fileRef = 3D3F9DE321880A3500DDD00C /* QiscusCore.swift */; };
		3D3F9E1921880A3500DDD00C /* QiscusEventManager.swift in Sources */ = {isa = PBXBuildFile; fileRef = 3D3F9DE421880A3500DDD00C /* QiscusEventManager.swift */; };
		3D55936E20FC89CE00AE35E5 /* QiscusCore.framework in Frameworks */ = {isa = PBXBuildFile; fileRef = 3D55936420FC89CD00AE35E5 /* QiscusCore.framework */; };
		3D55937320FC89CE00AE35E5 /* QiscusCoreTests.swift in Sources */ = {isa = PBXBuildFile; fileRef = 3D55937220FC89CE00AE35E5 /* QiscusCoreTests.swift */; };
		3D55938520FC8A0300AE35E5 /* AppDelegate.swift in Sources */ = {isa = PBXBuildFile; fileRef = 3D55938420FC8A0300AE35E5 /* AppDelegate.swift */; };
		3D55938720FC8A0300AE35E5 /* ViewController.swift in Sources */ = {isa = PBXBuildFile; fileRef = 3D55938620FC8A0300AE35E5 /* ViewController.swift */; };
		3D55938A20FC8A0300AE35E5 /* Main.storyboard in Resources */ = {isa = PBXBuildFile; fileRef = 3D55938820FC8A0300AE35E5 /* Main.storyboard */; };
		3D55938C20FC8A0800AE35E5 /* Assets.xcassets in Resources */ = {isa = PBXBuildFile; fileRef = 3D55938B20FC8A0800AE35E5 /* Assets.xcassets */; };
		3D55938F20FC8A0800AE35E5 /* LaunchScreen.storyboard in Resources */ = {isa = PBXBuildFile; fileRef = 3D55938D20FC8A0800AE35E5 /* LaunchScreen.storyboard */; };
		3D55939520FC8F3500AE35E5 /* QiscusCore.podspec in Resources */ = {isa = PBXBuildFile; fileRef = 3D55939420FC8F3500AE35E5 /* QiscusCore.podspec */; };
		3D84A2DE2164EA92008F61A5 /* ConfigTests.swift in Sources */ = {isa = PBXBuildFile; fileRef = 3D84A2DD2164EA92008F61A5 /* ConfigTests.swift */; };
		3DE20493215888B700E3DF96 /* QiscusCore.podspec in Resources */ = {isa = PBXBuildFile; fileRef = 3DE20492215888B600E3DF96 /* QiscusCore.podspec */; };
		3DE20495215889A500E3DF96 /* README.md in Resources */ = {isa = PBXBuildFile; fileRef = 3DE20494215889A500E3DF96 /* README.md */; };
		BEE67DF727DAF96B4B587D6C /* Pods_QiscusCoreTests.framework in Frameworks */ = {isa = PBXBuildFile; fileRef = E9FFD5261FB0CA8C203545C0 /* Pods_QiscusCoreTests.framework */; };
		F116692197E20D674B69897F /* Pods_QiscusCore.framework in Frameworks */ = {isa = PBXBuildFile; fileRef = 560FF1F83A73EA20444892C4 /* Pods_QiscusCore.framework */; };
/* End PBXBuildFile section */

/* Begin PBXContainerItemProxy section */
		3D55936F20FC89CE00AE35E5 /* PBXContainerItemProxy */ = {
			isa = PBXContainerItemProxy;
			containerPortal = 3D55935B20FC89CD00AE35E5 /* Project object */;
			proxyType = 1;
			remoteGlobalIDString = 3D55936320FC89CD00AE35E5;
			remoteInfo = QiscusCore;
		};
/* End PBXContainerItemProxy section */

/* Begin PBXFileReference section */
		12272639BF0C7839D8A8A270 /* Pods-QiscusCoreTests.debug.xcconfig */ = {isa = PBXFileReference; includeInIndex = 1; lastKnownFileType = text.xcconfig; name = "Pods-QiscusCoreTests.debug.xcconfig"; path = "Pods/Target Support Files/Pods-QiscusCoreTests/Pods-QiscusCoreTests.debug.xcconfig"; sourceTree = "<group>"; };
		3D3F9DA121880A3400DDD00C /* QiscusCore.h */ = {isa = PBXFileReference; fileEncoding = 4; lastKnownFileType = sourcecode.c.h; path = QiscusCore.h; sourceTree = "<group>"; };
		3D3F9DA321880A3400DDD00C /* QiscusHeartBeat.swift */ = {isa = PBXFileReference; fileEncoding = 4; lastKnownFileType = sourcecode.swift; path = QiscusHeartBeat.swift; sourceTree = "<group>"; };
		3D3F9DA421880A3400DDD00C /* QiscusWorker.swift */ = {isa = PBXFileReference; fileEncoding = 4; lastKnownFileType = sourcecode.swift; path = QiscusWorker.swift; sourceTree = "<group>"; };
		3D3F9DA521880A3400DDD00C /* Data+Json.swift */ = {isa = PBXFileReference; fileEncoding = 4; lastKnownFileType = sourcecode.swift; path = "Data+Json.swift"; sourceTree = "<group>"; };
		3D3F9DA621880A3400DDD00C /* QiscusLogger.swift */ = {isa = PBXFileReference; fileEncoding = 4; lastKnownFileType = sourcecode.swift; path = QiscusLogger.swift; sourceTree = "<group>"; };
		3D3F9DA721880A3400DDD00C /* QiscusThread.swift */ = {isa = PBXFileReference; fileEncoding = 4; lastKnownFileType = sourcecode.swift; path = QiscusThread.swift; sourceTree = "<group>"; };
		3D3F9DA821880A3400DDD00C /* QiscusRoom.swift */ = {isa = PBXFileReference; fileEncoding = 4; lastKnownFileType = sourcecode.swift; path = QiscusRoom.swift; sourceTree = "<group>"; };
		3D3F9DAA21880A3400DDD00C /* CommentModel.swift */ = {isa = PBXFileReference; fileEncoding = 4; lastKnownFileType = sourcecode.swift; path = CommentModel.swift; sourceTree = "<group>"; };
		3D3F9DAB21880A3400DDD00C /* FileModel.swift */ = {isa = PBXFileReference; fileEncoding = 4; lastKnownFileType = sourcecode.swift; path = FileModel.swift; sourceTree = "<group>"; };
		3D3F9DAD21880A3400DDD00C /* QiscusConfig.swift */ = {isa = PBXFileReference; fileEncoding = 4; lastKnownFileType = sourcecode.swift; path = QiscusConfig.swift; sourceTree = "<group>"; };
		3D3F9DAE21880A3400DDD00C /* NonceModel.swift */ = {isa = PBXFileReference; fileEncoding = 4; lastKnownFileType = sourcecode.swift; path = NonceModel.swift; sourceTree = "<group>"; };
		3D3F9DAF21880A3400DDD00C /* UserModel.swift */ = {isa = PBXFileReference; fileEncoding = 4; lastKnownFileType = sourcecode.swift; path = UserModel.swift; sourceTree = "<group>"; };
		3D3F9DB021880A3400DDD00C /* QError.swift */ = {isa = PBXFileReference; fileEncoding = 4; lastKnownFileType = sourcecode.swift; path = QError.swift; sourceTree = "<group>"; };
		3D3F9DB121880A3400DDD00C /* RoomModel.swift */ = {isa = PBXFileReference; fileEncoding = 4; lastKnownFileType = sourcecode.swift; path = RoomModel.swift; sourceTree = "<group>"; };
		3D3F9DB221880A3400DDD00C /* GenericModel.swift */ = {isa = PBXFileReference; fileEncoding = 4; lastKnownFileType = sourcecode.swift; path = GenericModel.swift; sourceTree = "<group>"; };
		3D3F9DB421880A3400DDD00C /* ApiResponse.swift */ = {isa = PBXFileReference; fileEncoding = 4; lastKnownFileType = sourcecode.swift; path = ApiResponse.swift; sourceTree = "<group>"; };
		3D3F9DB621880A3400DDD00C /* RealtimeManager.swift */ = {isa = PBXFileReference; fileEncoding = 4; lastKnownFileType = sourcecode.swift; path = RealtimeManager.swift; sourceTree = "<group>"; };
		3D3F9DB821880A3400DDD00C /* CommentStorage.swift */ = {isa = PBXFileReference; fileEncoding = 4; lastKnownFileType = sourcecode.swift; path = CommentStorage.swift; sourceTree = "<group>"; };
		3D3F9DB921880A3400DDD00C /* MemberDatabase.swift */ = {isa = PBXFileReference; fileEncoding = 4; lastKnownFileType = sourcecode.swift; path = MemberDatabase.swift; sourceTree = "<group>"; };
		3D3F9DBA21880A3400DDD00C /* RoomStorage.swift */ = {isa = PBXFileReference; fileEncoding = 4; lastKnownFileType = sourcecode.swift; path = RoomStorage.swift; sourceTree = "<group>"; };
		3D3F9DBB21880A3400DDD00C /* QiscusDatabaseManager.swift */ = {isa = PBXFileReference; fileEncoding = 4; lastKnownFileType = sourcecode.swift; path = QiscusDatabaseManager.swift; sourceTree = "<group>"; };
		3D3F9DBE21880A3400DDD00C /* Qiscus.xcdatamodel */ = {isa = PBXFileReference; lastKnownFileType = wrapper.xcdatamodel; path = Qiscus.xcdatamodel; sourceTree = "<group>"; };
		3D3F9DBF21880A3400DDD00C /* QiscusDatabase.swift */ = {isa = PBXFileReference; fileEncoding = 4; lastKnownFileType = sourcecode.swift; path = QiscusDatabase.swift; sourceTree = "<group>"; };
		3D3F9DC121880A3400DDD00C /* Room+CoreDataClass.swift */ = {isa = PBXFileReference; fileEncoding = 4; lastKnownFileType = sourcecode.swift; path = "Room+CoreDataClass.swift"; sourceTree = "<group>"; };
		3D3F9DC221880A3400DDD00C /* ActiveRecord.swift */ = {isa = PBXFileReference; fileEncoding = 4; lastKnownFileType = sourcecode.swift; path = ActiveRecord.swift; sourceTree = "<group>"; };
		3D3F9DC321880A3400DDD00C /* Comment+CoreDataClass.swift */ = {isa = PBXFileReference; fileEncoding = 4; lastKnownFileType = sourcecode.swift; path = "Comment+CoreDataClass.swift"; sourceTree = "<group>"; };
		3D3F9DC421880A3400DDD00C /* Member+CoreDataProperties.swift */ = {isa = PBXFileReference; fileEncoding = 4; lastKnownFileType = sourcecode.swift; path = "Member+CoreDataProperties.swift"; sourceTree = "<group>"; };
		3D3F9DC521880A3400DDD00C /* Comment+CoreDataProperties.swift */ = {isa = PBXFileReference; fileEncoding = 4; lastKnownFileType = sourcecode.swift; path = "Comment+CoreDataProperties.swift"; sourceTree = "<group>"; };
		3D3F9DC621880A3400DDD00C /* Member+CoreDataClass.swift */ = {isa = PBXFileReference; fileEncoding = 4; lastKnownFileType = sourcecode.swift; path = "Member+CoreDataClass.swift"; sourceTree = "<group>"; };
		3D3F9DC721880A3400DDD00C /* Room+CoreDataProperties.swift */ = {isa = PBXFileReference; fileEncoding = 4; lastKnownFileType = sourcecode.swift; path = "Room+CoreDataProperties.swift"; sourceTree = "<group>"; };
		3D3F9DC821880A3400DDD00C /* PersistentStore.swift */ = {isa = PBXFileReference; fileEncoding = 4; lastKnownFileType = sourcecode.swift; path = PersistentStore.swift; sourceTree = "<group>"; };
		3D3F9DC921880A3400DDD00C /* QiscusComment.swift */ = {isa = PBXFileReference; fileEncoding = 4; lastKnownFileType = sourcecode.swift; path = QiscusComment.swift; sourceTree = "<group>"; };
		3D3F9DCB21880A3400DDD00C /* QiscusStorage.swift */ = {isa = PBXFileReference; fileEncoding = 4; lastKnownFileType = sourcecode.swift; path = QiscusStorage.swift; sourceTree = "<group>"; };
		3D3F9DCC21880A3400DDD00C /* ConfigManager.swift */ = {isa = PBXFileReference; fileEncoding = 4; lastKnownFileType = sourcecode.swift; path = ConfigManager.swift; sourceTree = "<group>"; };
		3D3F9DCD21880A3400DDD00C /* QiscusFileManager.swift */ = {isa = PBXFileReference; fileEncoding = 4; lastKnownFileType = sourcecode.swift; path = QiscusFileManager.swift; sourceTree = "<group>"; };
		3D3F9DCE21880A3400DDD00C /* QiscusWorkerManager.swift */ = {isa = PBXFileReference; fileEncoding = 4; lastKnownFileType = sourcecode.swift; path = QiscusWorkerManager.swift; sourceTree = "<group>"; };
		3D3F9DCF21880A3500DDD00C /* Info.plist */ = {isa = PBXFileReference; fileEncoding = 4; lastKnownFileType = text.plist.xml; path = Info.plist; sourceTree = "<group>"; };
		3D3F9DD121880A3500DDD00C /* NetworkMessage.swift */ = {isa = PBXFileReference; fileEncoding = 4; lastKnownFileType = sourcecode.swift; path = NetworkMessage.swift; sourceTree = "<group>"; };
		3D3F9DD221880A3500DDD00C /* NetworkUpload.swift */ = {isa = PBXFileReference; fileEncoding = 4; lastKnownFileType = sourcecode.swift; path = NetworkUpload.swift; sourceTree = "<group>"; };
		3D3F9DD321880A3500DDD00C /* NetworkRoom.swift */ = {isa = PBXFileReference; fileEncoding = 4; lastKnownFileType = sourcecode.swift; path = NetworkRoom.swift; sourceTree = "<group>"; };
		3D3F9DD421880A3500DDD00C /* NetworkManager.swift */ = {isa = PBXFileReference; fileEncoding = 4; lastKnownFileType = sourcecode.swift; path = NetworkManager.swift; sourceTree = "<group>"; };
		3D3F9DD621880A3500DDD00C /* ParameterEncoder.swift */ = {isa = PBXFileReference; fileEncoding = 4; lastKnownFileType = sourcecode.swift; path = ParameterEncoder.swift; sourceTree = "<group>"; };
		3D3F9DD721880A3500DDD00C /* ParameterEncoding.swift */ = {isa = PBXFileReference; fileEncoding = 4; lastKnownFileType = sourcecode.swift; path = ParameterEncoding.swift; sourceTree = "<group>"; };
		3D3F9DD921880A3500DDD00C /* HTTPUtil.swift */ = {isa = PBXFileReference; fileEncoding = 4; lastKnownFileType = sourcecode.swift; path = HTTPUtil.swift; sourceTree = "<group>"; };
		3D3F9DDA21880A3500DDD00C /* Router.swift */ = {isa = PBXFileReference; fileEncoding = 4; lastKnownFileType = sourcecode.swift; path = Router.swift; sourceTree = "<group>"; };
		3D3F9DDC21880A3500DDD00C /* EndpointComment.swift */ = {isa = PBXFileReference; fileEncoding = 4; lastKnownFileType = sourcecode.swift; path = EndpointComment.swift; sourceTree = "<group>"; };
		3D3F9DDD21880A3500DDD00C /* EndpointRoom.swift */ = {isa = PBXFileReference; fileEncoding = 4; lastKnownFileType = sourcecode.swift; path = EndpointRoom.swift; sourceTree = "<group>"; };
		3D3F9DDE21880A3500DDD00C /* EndpointUser.swift */ = {isa = PBXFileReference; fileEncoding = 4; lastKnownFileType = sourcecode.swift; path = EndpointUser.swift; sourceTree = "<group>"; };
		3D3F9DDF21880A3500DDD00C /* DownloadService.swift */ = {isa = PBXFileReference; fileEncoding = 4; lastKnownFileType = sourcecode.swift; path = DownloadService.swift; sourceTree = "<group>"; };
		3D3F9DE021880A3500DDD00C /* Endpoint.swift */ = {isa = PBXFileReference; fileEncoding = 4; lastKnownFileType = sourcecode.swift; path = Endpoint.swift; sourceTree = "<group>"; };
		3D3F9DE221880A3500DDD00C /* QiscusConnectionDelegate.swift */ = {isa = PBXFileReference; fileEncoding = 4; lastKnownFileType = sourcecode.swift; path = QiscusConnectionDelegate.swift; sourceTree = "<group>"; };
		3D3F9DE321880A3500DDD00C /* QiscusCore.swift */ = {isa = PBXFileReference; fileEncoding = 4; lastKnownFileType = sourcecode.swift; path = QiscusCore.swift; sourceTree = "<group>"; };
		3D3F9DE421880A3500DDD00C /* QiscusEventManager.swift */ = {isa = PBXFileReference; fileEncoding = 4; lastKnownFileType = sourcecode.swift; path = QiscusEventManager.swift; sourceTree = "<group>"; };
		3D55936420FC89CD00AE35E5 /* QiscusCore.framework */ = {isa = PBXFileReference; explicitFileType = wrapper.framework; includeInIndex = 0; path = QiscusCore.framework; sourceTree = BUILT_PRODUCTS_DIR; };
		3D55936D20FC89CE00AE35E5 /* QiscusCoreTests.xctest */ = {isa = PBXFileReference; explicitFileType = wrapper.cfbundle; includeInIndex = 0; path = QiscusCoreTests.xctest; sourceTree = BUILT_PRODUCTS_DIR; };
		3D55937220FC89CE00AE35E5 /* QiscusCoreTests.swift */ = {isa = PBXFileReference; lastKnownFileType = sourcecode.swift; path = QiscusCoreTests.swift; sourceTree = "<group>"; };
		3D55937420FC89CE00AE35E5 /* Info.plist */ = {isa = PBXFileReference; lastKnownFileType = text.plist.xml; path = Info.plist; sourceTree = "<group>"; };
		3D55938220FC8A0300AE35E5 /* Example.app */ = {isa = PBXFileReference; explicitFileType = wrapper.application; includeInIndex = 0; path = Example.app; sourceTree = BUILT_PRODUCTS_DIR; };
		3D55938420FC8A0300AE35E5 /* AppDelegate.swift */ = {isa = PBXFileReference; lastKnownFileType = sourcecode.swift; path = AppDelegate.swift; sourceTree = "<group>"; };
		3D55938620FC8A0300AE35E5 /* ViewController.swift */ = {isa = PBXFileReference; lastKnownFileType = sourcecode.swift; path = ViewController.swift; sourceTree = "<group>"; };
		3D55938920FC8A0300AE35E5 /* Base */ = {isa = PBXFileReference; lastKnownFileType = file.storyboard; name = Base; path = Base.lproj/Main.storyboard; sourceTree = "<group>"; };
		3D55938B20FC8A0800AE35E5 /* Assets.xcassets */ = {isa = PBXFileReference; lastKnownFileType = folder.assetcatalog; path = Assets.xcassets; sourceTree = "<group>"; };
		3D55938E20FC8A0800AE35E5 /* Base */ = {isa = PBXFileReference; lastKnownFileType = file.storyboard; name = Base; path = Base.lproj/LaunchScreen.storyboard; sourceTree = "<group>"; };
		3D55939020FC8A0800AE35E5 /* Info.plist */ = {isa = PBXFileReference; lastKnownFileType = text.plist.xml; path = Info.plist; sourceTree = "<group>"; };
		3D55939420FC8F3500AE35E5 /* QiscusCore.podspec */ = {isa = PBXFileReference; fileEncoding = 4; lastKnownFileType = text; path = QiscusCore.podspec; sourceTree = "<group>"; xcLanguageSpecificationIdentifier = xcode.lang.ruby; };
		3D728919214A235E00B373A9 /* QiscusDatabase.framework */ = {isa = PBXFileReference; lastKnownFileType = wrapper.framework; path = QiscusDatabase.framework; sourceTree = "<group>"; };
		3D84A2DD2164EA92008F61A5 /* ConfigTests.swift */ = {isa = PBXFileReference; lastKnownFileType = sourcecode.swift; path = ConfigTests.swift; sourceTree = "<group>"; };
		3DE20492215888B600E3DF96 /* QiscusCore.podspec */ = {isa = PBXFileReference; fileEncoding = 4; lastKnownFileType = text; name = QiscusCore.podspec; path = Cocoapods/QiscusCore.podspec; sourceTree = "<group>"; };
		3DE20494215889A500E3DF96 /* README.md */ = {isa = PBXFileReference; fileEncoding = 4; lastKnownFileType = net.daringfireball.markdown; name = README.md; path = Cocoapods/README.md; sourceTree = "<group>"; };
		560FF1F83A73EA20444892C4 /* Pods_QiscusCore.framework */ = {isa = PBXFileReference; explicitFileType = wrapper.framework; includeInIndex = 0; path = Pods_QiscusCore.framework; sourceTree = BUILT_PRODUCTS_DIR; };
		64802D245F1D9AD426A11FD8 /* Pods-QiscusCore.release.xcconfig */ = {isa = PBXFileReference; includeInIndex = 1; lastKnownFileType = text.xcconfig; name = "Pods-QiscusCore.release.xcconfig"; path = "Pods/Target Support Files/Pods-QiscusCore/Pods-QiscusCore.release.xcconfig"; sourceTree = "<group>"; };
		A30556DA65A102F1FEE21504 /* Pods_Example.framework */ = {isa = PBXFileReference; explicitFileType = wrapper.framework; includeInIndex = 0; path = Pods_Example.framework; sourceTree = BUILT_PRODUCTS_DIR; };
		A8AED052F3998D93677FF40B /* Pods-QiscusCoreTests.release.xcconfig */ = {isa = PBXFileReference; includeInIndex = 1; lastKnownFileType = text.xcconfig; name = "Pods-QiscusCoreTests.release.xcconfig"; path = "Pods/Target Support Files/Pods-QiscusCoreTests/Pods-QiscusCoreTests.release.xcconfig"; sourceTree = "<group>"; };
		AFC9813493DB53DCF29F7208 /* Pods-QiscusCore.debug.xcconfig */ = {isa = PBXFileReference; includeInIndex = 1; lastKnownFileType = text.xcconfig; name = "Pods-QiscusCore.debug.xcconfig"; path = "Pods/Target Support Files/Pods-QiscusCore/Pods-QiscusCore.debug.xcconfig"; sourceTree = "<group>"; };
		C1CD2D5A88324C15CF0C55DC /* Pods-Example.debug.xcconfig */ = {isa = PBXFileReference; includeInIndex = 1; lastKnownFileType = text.xcconfig; name = "Pods-Example.debug.xcconfig"; path = "Pods/Target Support Files/Pods-Example/Pods-Example.debug.xcconfig"; sourceTree = "<group>"; };
		C97C5A4122C08D08ADCDD0B1 /* Pods-Example.release.xcconfig */ = {isa = PBXFileReference; includeInIndex = 1; lastKnownFileType = text.xcconfig; name = "Pods-Example.release.xcconfig"; path = "Pods/Target Support Files/Pods-Example/Pods-Example.release.xcconfig"; sourceTree = "<group>"; };
		E9FFD5261FB0CA8C203545C0 /* Pods_QiscusCoreTests.framework */ = {isa = PBXFileReference; explicitFileType = wrapper.framework; includeInIndex = 0; path = Pods_QiscusCoreTests.framework; sourceTree = BUILT_PRODUCTS_DIR; };
/* End PBXFileReference section */

/* Begin PBXFrameworksBuildPhase section */
		3D55936020FC89CD00AE35E5 /* Frameworks */ = {
			isa = PBXFrameworksBuildPhase;
			buildActionMask = 2147483647;
			files = (
				F116692197E20D674B69897F /* Pods_QiscusCore.framework in Frameworks */,
			);
			runOnlyForDeploymentPostprocessing = 0;
		};
		3D55936A20FC89CE00AE35E5 /* Frameworks */ = {
			isa = PBXFrameworksBuildPhase;
			buildActionMask = 2147483647;
			files = (
				3D55936E20FC89CE00AE35E5 /* QiscusCore.framework in Frameworks */,
				BEE67DF727DAF96B4B587D6C /* Pods_QiscusCoreTests.framework in Frameworks */,
			);
			runOnlyForDeploymentPostprocessing = 0;
		};
		3D55937F20FC8A0300AE35E5 /* Frameworks */ = {
			isa = PBXFrameworksBuildPhase;
			buildActionMask = 2147483647;
			files = (
				1A9AE35F987E498A4394B208 /* Pods_Example.framework in Frameworks */,
			);
			runOnlyForDeploymentPostprocessing = 0;
		};
/* End PBXFrameworksBuildPhase section */

/* Begin PBXGroup section */
		15FB9768ECE74131149FDB79 /* Frameworks */ = {
			isa = PBXGroup;
			children = (
				3D728919214A235E00B373A9 /* QiscusDatabase.framework */,
				A30556DA65A102F1FEE21504 /* Pods_Example.framework */,
				560FF1F83A73EA20444892C4 /* Pods_QiscusCore.framework */,
				E9FFD5261FB0CA8C203545C0 /* Pods_QiscusCoreTests.framework */,
			);
			name = Frameworks;
			sourceTree = "<group>";
		};
		3D3F9DA221880A3400DDD00C /* Util */ = {
			isa = PBXGroup;
			children = (
				3D3F9DA321880A3400DDD00C /* QiscusHeartBeat.swift */,
				3D3F9DA421880A3400DDD00C /* QiscusWorker.swift */,
				3D3F9DA521880A3400DDD00C /* Data+Json.swift */,
				3D3F9DA621880A3400DDD00C /* QiscusLogger.swift */,
				3D3F9DA721880A3400DDD00C /* QiscusThread.swift */,
			);
			path = Util;
			sourceTree = "<group>";
		};
		3D3F9DA921880A3400DDD00C /* Model */ = {
			isa = PBXGroup;
			children = (
				3D3F9DAA21880A3400DDD00C /* CommentModel.swift */,
				3D3F9DAB21880A3400DDD00C /* FileModel.swift */,
				3D3F9DAC21880A3400DDD00C /* Config */,
				3D3F9DAE21880A3400DDD00C /* NonceModel.swift */,
				3D3F9DAF21880A3400DDD00C /* UserModel.swift */,
				3D3F9DB021880A3400DDD00C /* QError.swift */,
				3D3F9DB121880A3400DDD00C /* RoomModel.swift */,
				3D3F9DB221880A3400DDD00C /* GenericModel.swift */,
				3D3F9DB321880A3400DDD00C /* Base */,
			);
			path = Model;
			sourceTree = "<group>";
		};
		3D3F9DAC21880A3400DDD00C /* Config */ = {
			isa = PBXGroup;
			children = (
				3D3F9DAD21880A3400DDD00C /* QiscusConfig.swift */,
			);
			path = Config;
			sourceTree = "<group>";
		};
		3D3F9DB321880A3400DDD00C /* Base */ = {
			isa = PBXGroup;
			children = (
				3D3F9DB421880A3400DDD00C /* ApiResponse.swift */,
			);
			path = Base;
			sourceTree = "<group>";
		};
		3D3F9DB521880A3400DDD00C /* Realtime */ = {
			isa = PBXGroup;
			children = (
				3D3F9DB621880A3400DDD00C /* RealtimeManager.swift */,
			);
			path = Realtime;
			sourceTree = "<group>";
		};
		3D3F9DB721880A3400DDD00C /* Database */ = {
			isa = PBXGroup;
			children = (
				3D3F9DB821880A3400DDD00C /* CommentStorage.swift */,
				3D3F9DB921880A3400DDD00C /* MemberDatabase.swift */,
				3D3F9DBA21880A3400DDD00C /* RoomStorage.swift */,
				3D3F9DBB21880A3400DDD00C /* QiscusDatabaseManager.swift */,
				3D3F9DBC21880A3400DDD00C /* QiscusDatabase */,
			);
			path = Database;
			sourceTree = "<group>";
		};
		3D3F9DBC21880A3400DDD00C /* QiscusDatabase */ = {
			isa = PBXGroup;
			children = (
				3D3F9DBD21880A3400DDD00C /* Qiscus.xcdatamodeld */,
				3D3F9DBF21880A3400DDD00C /* QiscusDatabase.swift */,
				3D3F9DC021880A3400DDD00C /* Model */,
				3D3F9DC821880A3400DDD00C /* PersistentStore.swift */,
			);
			path = QiscusDatabase;
			sourceTree = "<group>";
		};
		3D3F9DC021880A3400DDD00C /* Model */ = {
			isa = PBXGroup;
			children = (
				3D3F9DC121880A3400DDD00C /* Room+CoreDataClass.swift */,
				3D3F9DC221880A3400DDD00C /* ActiveRecord.swift */,
				3D3F9DC321880A3400DDD00C /* Comment+CoreDataClass.swift */,
				3D3F9DC421880A3400DDD00C /* Member+CoreDataProperties.swift */,
				3D3F9DC521880A3400DDD00C /* Comment+CoreDataProperties.swift */,
				3D3F9DC621880A3400DDD00C /* Member+CoreDataClass.swift */,
				3D3F9DC721880A3400DDD00C /* Room+CoreDataProperties.swift */,
			);
			path = Model;
			sourceTree = "<group>";
		};
		3D3F9DCA21880A3400DDD00C /* Storage */ = {
			isa = PBXGroup;
			children = (
				3D3F9DCB21880A3400DDD00C /* QiscusStorage.swift */,
				3D3F9DCC21880A3400DDD00C /* ConfigManager.swift */,
				3D3F9DCD21880A3400DDD00C /* QiscusFileManager.swift */,
			);
			path = Storage;
			sourceTree = "<group>";
		};
		3D3F9DD021880A3500DDD00C /* Network */ = {
			isa = PBXGroup;
			children = (
				3D3F9DD121880A3500DDD00C /* NetworkMessage.swift */,
				3D3F9DD221880A3500DDD00C /* NetworkUpload.swift */,
				3D3F9DD321880A3500DDD00C /* NetworkRoom.swift */,
				3D3F9DD421880A3500DDD00C /* NetworkManager.swift */,
				3D3F9DD521880A3500DDD00C /* Encoding */,
				3D3F9DD821880A3500DDD00C /* Service */,
			);
			path = Network;
			sourceTree = "<group>";
		};
		3D3F9DD521880A3500DDD00C /* Encoding */ = {
			isa = PBXGroup;
			children = (
				3D3F9DD621880A3500DDD00C /* ParameterEncoder.swift */,
				3D3F9DD721880A3500DDD00C /* ParameterEncoding.swift */,
			);
			path = Encoding;
			sourceTree = "<group>";
		};
		3D3F9DD821880A3500DDD00C /* Service */ = {
			isa = PBXGroup;
			children = (
				3D3F9DD921880A3500DDD00C /* HTTPUtil.swift */,
				3D3F9DDA21880A3500DDD00C /* Router.swift */,
				3D3F9DDB21880A3500DDD00C /* Endpoint */,
				3D3F9DDF21880A3500DDD00C /* DownloadService.swift */,
				3D3F9DE021880A3500DDD00C /* Endpoint.swift */,
			);
			path = Service;
			sourceTree = "<group>";
		};
		3D3F9DDB21880A3500DDD00C /* Endpoint */ = {
			isa = PBXGroup;
			children = (
				3D3F9DDC21880A3500DDD00C /* EndpointComment.swift */,
				3D3F9DDD21880A3500DDD00C /* EndpointRoom.swift */,
				3D3F9DDE21880A3500DDD00C /* EndpointUser.swift */,
			);
			path = Endpoint;
			sourceTree = "<group>";
		};
		3D3F9DE121880A3500DDD00C /* Protocol */ = {
			isa = PBXGroup;
			children = (
				3D3F9DE221880A3500DDD00C /* QiscusConnectionDelegate.swift */,
			);
			path = Protocol;
			sourceTree = "<group>";
		};
		3D55935A20FC89CD00AE35E5 = {
			isa = PBXGroup;
			children = (
				3D55939420FC8F3500AE35E5 /* QiscusCore.podspec */,
				3DE20492215888B600E3DF96 /* QiscusCore.podspec */,
				3DE20494215889A500E3DF96 /* README.md */,
				3DDF1259213307B900E15B36 /* QiscusCore */,
				3D55937120FC89CE00AE35E5 /* QiscusCoreTests */,
				3D55938320FC8A0300AE35E5 /* Example */,
				3D55936520FC89CD00AE35E5 /* Products */,
				42551FCE4760561079503A31 /* Pods */,
				15FB9768ECE74131149FDB79 /* Frameworks */,
			);
			sourceTree = "<group>";
		};
		3D55936520FC89CD00AE35E5 /* Products */ = {
			isa = PBXGroup;
			children = (
				3D55936420FC89CD00AE35E5 /* QiscusCore.framework */,
				3D55936D20FC89CE00AE35E5 /* QiscusCoreTests.xctest */,
				3D55938220FC8A0300AE35E5 /* Example.app */,
			);
			name = Products;
			sourceTree = "<group>";
		};
		3D55937120FC89CE00AE35E5 /* QiscusCoreTests */ = {
			isa = PBXGroup;
			children = (
				3D55937220FC89CE00AE35E5 /* QiscusCoreTests.swift */,
				3D84A2DD2164EA92008F61A5 /* ConfigTests.swift */,
				3D55937420FC89CE00AE35E5 /* Info.plist */,
			);
			path = QiscusCoreTests;
			sourceTree = "<group>";
		};
		3D55938320FC8A0300AE35E5 /* Example */ = {
			isa = PBXGroup;
			children = (
				3D55938420FC8A0300AE35E5 /* AppDelegate.swift */,
				3D55938620FC8A0300AE35E5 /* ViewController.swift */,
				3D55938820FC8A0300AE35E5 /* Main.storyboard */,
				3D55938B20FC8A0800AE35E5 /* Assets.xcassets */,
				3D55938D20FC8A0800AE35E5 /* LaunchScreen.storyboard */,
				3D55939020FC8A0800AE35E5 /* Info.plist */,
			);
			path = Example;
			sourceTree = "<group>";
		};
		3DDF1259213307B900E15B36 /* QiscusCore */ = {
			isa = PBXGroup;
			children = (
				3D3F9DB721880A3400DDD00C /* Database */,
				3D3F9DCF21880A3500DDD00C /* Info.plist */,
				3D3F9DA921880A3400DDD00C /* Model */,
				3D3F9DD021880A3500DDD00C /* Network */,
				3D3F9DE121880A3500DDD00C /* Protocol */,
				3D3F9DC921880A3400DDD00C /* QiscusComment.swift */,
				3D3F9DA121880A3400DDD00C /* QiscusCore.h */,
				3D3F9DE321880A3500DDD00C /* QiscusCore.swift */,
				3D3F9DE421880A3500DDD00C /* QiscusEventManager.swift */,
				3D3F9DA821880A3400DDD00C /* QiscusRoom.swift */,
				3D3F9DCE21880A3400DDD00C /* QiscusWorkerManager.swift */,
				3D3F9DB521880A3400DDD00C /* Realtime */,
				3D3F9DCA21880A3400DDD00C /* Storage */,
				3D3F9DA221880A3400DDD00C /* Util */,
			);
			path = QiscusCore;
			sourceTree = "<group>";
		};
		42551FCE4760561079503A31 /* Pods */ = {
			isa = PBXGroup;
			children = (
				C1CD2D5A88324C15CF0C55DC /* Pods-Example.debug.xcconfig */,
				C97C5A4122C08D08ADCDD0B1 /* Pods-Example.release.xcconfig */,
				AFC9813493DB53DCF29F7208 /* Pods-QiscusCore.debug.xcconfig */,
				64802D245F1D9AD426A11FD8 /* Pods-QiscusCore.release.xcconfig */,
				12272639BF0C7839D8A8A270 /* Pods-QiscusCoreTests.debug.xcconfig */,
				A8AED052F3998D93677FF40B /* Pods-QiscusCoreTests.release.xcconfig */,
			);
			name = Pods;
			sourceTree = "<group>";
		};
/* End PBXGroup section */

/* Begin PBXHeadersBuildPhase section */
		3D55936120FC89CD00AE35E5 /* Headers */ = {
			isa = PBXHeadersBuildPhase;
			buildActionMask = 2147483647;
			files = (
				3D3F9DE521880A3500DDD00C /* QiscusCore.h in Headers */,
			);
			runOnlyForDeploymentPostprocessing = 0;
		};
/* End PBXHeadersBuildPhase section */

/* Begin PBXNativeTarget section */
		3D55936320FC89CD00AE35E5 /* QiscusCore */ = {
			isa = PBXNativeTarget;
			buildConfigurationList = 3D55937820FC89CE00AE35E5 /* Build configuration list for PBXNativeTarget "QiscusCore" */;
			buildPhases = (
				02CA28665AA4D0E787FE00AD /* [CP] Check Pods Manifest.lock */,
				3D55935F20FC89CD00AE35E5 /* Sources */,
				3D55936020FC89CD00AE35E5 /* Frameworks */,
				3D55936120FC89CD00AE35E5 /* Headers */,
				3D55936220FC89CD00AE35E5 /* Resources */,
			);
			buildRules = (
			);
			dependencies = (
			);
			name = QiscusCore;
			productName = QiscusCore;
			productReference = 3D55936420FC89CD00AE35E5 /* QiscusCore.framework */;
			productType = "com.apple.product-type.framework";
		};
		3D55936C20FC89CE00AE35E5 /* QiscusCoreTests */ = {
			isa = PBXNativeTarget;
			buildConfigurationList = 3D55937B20FC89CE00AE35E5 /* Build configuration list for PBXNativeTarget "QiscusCoreTests" */;
			buildPhases = (
				0CA04F8DC1DBC4569DE27100 /* [CP] Check Pods Manifest.lock */,
				3D55936920FC89CE00AE35E5 /* Sources */,
				3D55936A20FC89CE00AE35E5 /* Frameworks */,
				3D55936B20FC89CE00AE35E5 /* Resources */,
				D711A2ED4F5B9F2FD2BE625D /* [CP] Embed Pods Frameworks */,
			);
			buildRules = (
			);
			dependencies = (
				3D55937020FC89CE00AE35E5 /* PBXTargetDependency */,
			);
			name = QiscusCoreTests;
			productName = QiscusCoreTests;
			productReference = 3D55936D20FC89CE00AE35E5 /* QiscusCoreTests.xctest */;
			productType = "com.apple.product-type.bundle.unit-test";
		};
		3D55938120FC8A0300AE35E5 /* Example */ = {
			isa = PBXNativeTarget;
			buildConfigurationList = 3D55939120FC8A0800AE35E5 /* Build configuration list for PBXNativeTarget "Example" */;
			buildPhases = (
				F7556BF04363ABDDDEE9CCF1 /* [CP] Check Pods Manifest.lock */,
				3D55937E20FC8A0300AE35E5 /* Sources */,
				3D55937F20FC8A0300AE35E5 /* Frameworks */,
				3D55938020FC8A0300AE35E5 /* Resources */,
				0E5F1B28937BBEE8836F078E /* [CP] Embed Pods Frameworks */,
			);
			buildRules = (
			);
			dependencies = (
			);
			name = Example;
			productName = Example;
			productReference = 3D55938220FC8A0300AE35E5 /* Example.app */;
			productType = "com.apple.product-type.application";
		};
/* End PBXNativeTarget section */

/* Begin PBXProject section */
		3D55935B20FC89CD00AE35E5 /* Project object */ = {
			isa = PBXProject;
			attributes = {
				LastSwiftUpdateCheck = 0930;
				LastUpgradeCheck = 0930;
				ORGANIZATIONNAME = Qiscus;
				TargetAttributes = {
					3D55936320FC89CD00AE35E5 = {
						CreatedOnToolsVersion = 9.3;
						LastSwiftMigration = 0940;
						ProvisioningStyle = Manual;
					};
					3D55936C20FC89CE00AE35E5 = {
						CreatedOnToolsVersion = 9.3;
						ProvisioningStyle = Automatic;
					};
					3D55938120FC8A0300AE35E5 = {
						CreatedOnToolsVersion = 9.3;
						ProvisioningStyle = Manual;
					};
				};
			};
			buildConfigurationList = 3D55935E20FC89CD00AE35E5 /* Build configuration list for PBXProject "QiscusCore" */;
			compatibilityVersion = "Xcode 8.0";
			developmentRegion = en;
			hasScannedForEncodings = 0;
			knownRegions = (
				en,
				Base,
			);
			mainGroup = 3D55935A20FC89CD00AE35E5;
			productRefGroup = 3D55936520FC89CD00AE35E5 /* Products */;
			projectDirPath = "";
			projectRoot = "";
			targets = (
				3D55936320FC89CD00AE35E5 /* QiscusCore */,
				3D55936C20FC89CE00AE35E5 /* QiscusCoreTests */,
				3D55938120FC8A0300AE35E5 /* Example */,
			);
		};
/* End PBXProject section */

/* Begin PBXResourcesBuildPhase section */
		3D55936220FC89CD00AE35E5 /* Resources */ = {
			isa = PBXResourcesBuildPhase;
			buildActionMask = 2147483647;
			files = (
				3D3F9E0921880A3500DDD00C /* Info.plist in Resources */,
				3DE20493215888B700E3DF96 /* QiscusCore.podspec in Resources */,
				3DE20495215889A500E3DF96 /* README.md in Resources */,
				3D55939520FC8F3500AE35E5 /* QiscusCore.podspec in Resources */,
			);
			runOnlyForDeploymentPostprocessing = 0;
		};
		3D55936B20FC89CE00AE35E5 /* Resources */ = {
			isa = PBXResourcesBuildPhase;
			buildActionMask = 2147483647;
			files = (
			);
			runOnlyForDeploymentPostprocessing = 0;
		};
		3D55938020FC8A0300AE35E5 /* Resources */ = {
			isa = PBXResourcesBuildPhase;
			buildActionMask = 2147483647;
			files = (
				3D55938F20FC8A0800AE35E5 /* LaunchScreen.storyboard in Resources */,
				3D55938C20FC8A0800AE35E5 /* Assets.xcassets in Resources */,
				3D55938A20FC8A0300AE35E5 /* Main.storyboard in Resources */,
			);
			runOnlyForDeploymentPostprocessing = 0;
		};
/* End PBXResourcesBuildPhase section */

/* Begin PBXShellScriptBuildPhase section */
		02CA28665AA4D0E787FE00AD /* [CP] Check Pods Manifest.lock */ = {
			isa = PBXShellScriptBuildPhase;
			buildActionMask = 2147483647;
			files = (
			);
			inputPaths = (
				"${PODS_PODFILE_DIR_PATH}/Podfile.lock",
				"${PODS_ROOT}/Manifest.lock",
			);
			name = "[CP] Check Pods Manifest.lock";
			outputPaths = (
				"$(DERIVED_FILE_DIR)/Pods-QiscusCore-checkManifestLockResult.txt",
			);
			runOnlyForDeploymentPostprocessing = 0;
			shellPath = /bin/sh;
			shellScript = "diff \"${PODS_PODFILE_DIR_PATH}/Podfile.lock\" \"${PODS_ROOT}/Manifest.lock\" > /dev/null\nif [ $? != 0 ] ; then\n    # print error to STDERR\n    echo \"error: The sandbox is not in sync with the Podfile.lock. Run 'pod install' or update your CocoaPods installation.\" >&2\n    exit 1\nfi\n# This output is used by Xcode 'outputs' to avoid re-running this script phase.\necho \"SUCCESS\" > \"${SCRIPT_OUTPUT_FILE_0}\"\n";
			showEnvVarsInLog = 0;
		};
		0CA04F8DC1DBC4569DE27100 /* [CP] Check Pods Manifest.lock */ = {
			isa = PBXShellScriptBuildPhase;
			buildActionMask = 2147483647;
			files = (
			);
			inputPaths = (
				"${PODS_PODFILE_DIR_PATH}/Podfile.lock",
				"${PODS_ROOT}/Manifest.lock",
			);
			name = "[CP] Check Pods Manifest.lock";
			outputPaths = (
				"$(DERIVED_FILE_DIR)/Pods-QiscusCoreTests-checkManifestLockResult.txt",
			);
			runOnlyForDeploymentPostprocessing = 0;
			shellPath = /bin/sh;
			shellScript = "diff \"${PODS_PODFILE_DIR_PATH}/Podfile.lock\" \"${PODS_ROOT}/Manifest.lock\" > /dev/null\nif [ $? != 0 ] ; then\n    # print error to STDERR\n    echo \"error: The sandbox is not in sync with the Podfile.lock. Run 'pod install' or update your CocoaPods installation.\" >&2\n    exit 1\nfi\n# This output is used by Xcode 'outputs' to avoid re-running this script phase.\necho \"SUCCESS\" > \"${SCRIPT_OUTPUT_FILE_0}\"\n";
			showEnvVarsInLog = 0;
		};
		0E5F1B28937BBEE8836F078E /* [CP] Embed Pods Frameworks */ = {
			isa = PBXShellScriptBuildPhase;
			buildActionMask = 2147483647;
			files = (
			);
			inputPaths = (
				"${SRCROOT}/Pods/Target Support Files/Pods-Example/Pods-Example-frameworks.sh",
				"${BUILT_PRODUCTS_DIR}/CocoaAsyncSocket/CocoaAsyncSocket.framework",
				"${BUILT_PRODUCTS_DIR}/CocoaMQTT/CocoaMQTT.framework",
				"${BUILT_PRODUCTS_DIR}/QiscusCore/QiscusCore.framework",
				"${BUILT_PRODUCTS_DIR}/QiscusRealtime/QiscusRealtime.framework",
				"${BUILT_PRODUCTS_DIR}/SwiftyJSON/SwiftyJSON.framework",
				"${BUILT_PRODUCTS_DIR}/SwiftyTimer/SwiftyTimer.framework",
			);
			name = "[CP] Embed Pods Frameworks";
			outputPaths = (
				"${TARGET_BUILD_DIR}/${FRAMEWORKS_FOLDER_PATH}/CocoaAsyncSocket.framework",
				"${TARGET_BUILD_DIR}/${FRAMEWORKS_FOLDER_PATH}/CocoaMQTT.framework",
				"${TARGET_BUILD_DIR}/${FRAMEWORKS_FOLDER_PATH}/QiscusCore.framework",
				"${TARGET_BUILD_DIR}/${FRAMEWORKS_FOLDER_PATH}/QiscusRealtime.framework",
				"${TARGET_BUILD_DIR}/${FRAMEWORKS_FOLDER_PATH}/SwiftyJSON.framework",
				"${TARGET_BUILD_DIR}/${FRAMEWORKS_FOLDER_PATH}/SwiftyTimer.framework",
			);
			runOnlyForDeploymentPostprocessing = 0;
			shellPath = /bin/sh;
			shellScript = "\"${SRCROOT}/Pods/Target Support Files/Pods-Example/Pods-Example-frameworks.sh\"\n";
			showEnvVarsInLog = 0;
		};
		D711A2ED4F5B9F2FD2BE625D /* [CP] Embed Pods Frameworks */ = {
			isa = PBXShellScriptBuildPhase;
			buildActionMask = 2147483647;
			files = (
			);
			inputPaths = (
				"${SRCROOT}/Pods/Target Support Files/Pods-QiscusCoreTests/Pods-QiscusCoreTests-frameworks.sh",
				"${BUILT_PRODUCTS_DIR}/Nimble/Nimble.framework",
				"${BUILT_PRODUCTS_DIR}/Quick/Quick.framework",
				"${BUILT_PRODUCTS_DIR}/CocoaAsyncSocket/CocoaAsyncSocket.framework",
				"${BUILT_PRODUCTS_DIR}/CocoaMQTT/CocoaMQTT.framework",
				"${BUILT_PRODUCTS_DIR}/QiscusRealtime/QiscusRealtime.framework",
				"${BUILT_PRODUCTS_DIR}/SwiftyJSON/SwiftyJSON.framework",
				"${BUILT_PRODUCTS_DIR}/SwiftyTimer/SwiftyTimer.framework",
			);
			name = "[CP] Embed Pods Frameworks";
			outputPaths = (
				"${TARGET_BUILD_DIR}/${FRAMEWORKS_FOLDER_PATH}/Nimble.framework",
				"${TARGET_BUILD_DIR}/${FRAMEWORKS_FOLDER_PATH}/Quick.framework",
				"${TARGET_BUILD_DIR}/${FRAMEWORKS_FOLDER_PATH}/CocoaAsyncSocket.framework",
				"${TARGET_BUILD_DIR}/${FRAMEWORKS_FOLDER_PATH}/CocoaMQTT.framework",
				"${TARGET_BUILD_DIR}/${FRAMEWORKS_FOLDER_PATH}/QiscusRealtime.framework",
				"${TARGET_BUILD_DIR}/${FRAMEWORKS_FOLDER_PATH}/SwiftyJSON.framework",
				"${TARGET_BUILD_DIR}/${FRAMEWORKS_FOLDER_PATH}/SwiftyTimer.framework",
			);
			runOnlyForDeploymentPostprocessing = 0;
			shellPath = /bin/sh;
			shellScript = "\"${SRCROOT}/Pods/Target Support Files/Pods-QiscusCoreTests/Pods-QiscusCoreTests-frameworks.sh\"\n";
			showEnvVarsInLog = 0;
		};
		F7556BF04363ABDDDEE9CCF1 /* [CP] Check Pods Manifest.lock */ = {
			isa = PBXShellScriptBuildPhase;
			buildActionMask = 2147483647;
			files = (
			);
			inputPaths = (
				"${PODS_PODFILE_DIR_PATH}/Podfile.lock",
				"${PODS_ROOT}/Manifest.lock",
			);
			name = "[CP] Check Pods Manifest.lock";
			outputPaths = (
				"$(DERIVED_FILE_DIR)/Pods-Example-checkManifestLockResult.txt",
			);
			runOnlyForDeploymentPostprocessing = 0;
			shellPath = /bin/sh;
			shellScript = "diff \"${PODS_PODFILE_DIR_PATH}/Podfile.lock\" \"${PODS_ROOT}/Manifest.lock\" > /dev/null\nif [ $? != 0 ] ; then\n    # print error to STDERR\n    echo \"error: The sandbox is not in sync with the Podfile.lock. Run 'pod install' or update your CocoaPods installation.\" >&2\n    exit 1\nfi\n# This output is used by Xcode 'outputs' to avoid re-running this script phase.\necho \"SUCCESS\" > \"${SCRIPT_OUTPUT_FILE_0}\"\n";
			showEnvVarsInLog = 0;
		};
/* End PBXShellScriptBuildPhase section */

/* Begin PBXSourcesBuildPhase section */
		3D55935F20FC89CD00AE35E5 /* Sources */ = {
			isa = PBXSourcesBuildPhase;
			buildActionMask = 2147483647;
			files = (
				3D3F9DEE21880A3500DDD00C /* QiscusConfig.swift in Sources */,
				3D3F9E0121880A3500DDD00C /* Member+CoreDataClass.swift in Sources */,
				3D3F9DE621880A3500DDD00C /* QiscusHeartBeat.swift in Sources */,
				3D3F9E0D21880A3500DDD00C /* NetworkManager.swift in Sources */,
				3D3F9DF621880A3500DDD00C /* CommentStorage.swift in Sources */,
				3D3F9DFF21880A3500DDD00C /* Member+CoreDataProperties.swift in Sources */,
				3D3F9DFC21880A3500DDD00C /* Room+CoreDataClass.swift in Sources */,
				3D3F9E1021880A3500DDD00C /* HTTPUtil.swift in Sources */,
				3D3F9DF121880A3500DDD00C /* QError.swift in Sources */,
				3D3F9DF721880A3500DDD00C /* MemberDatabase.swift in Sources */,
				3D3F9E1621880A3500DDD00C /* Endpoint.swift in Sources */,
				3D3F9E0021880A3500DDD00C /* Comment+CoreDataProperties.swift in Sources */,
				3D3F9DF421880A3500DDD00C /* ApiResponse.swift in Sources */,
				3D3F9DF921880A3500DDD00C /* QiscusDatabaseManager.swift in Sources */,
				3D3F9DFD21880A3500DDD00C /* ActiveRecord.swift in Sources */,
				3D3F9DFE21880A3500DDD00C /* Comment+CoreDataClass.swift in Sources */,
				3D3F9DF321880A3500DDD00C /* GenericModel.swift in Sources */,
				3D3F9DF821880A3500DDD00C /* RoomStorage.swift in Sources */,
				3D3F9E0C21880A3500DDD00C /* NetworkRoom.swift in Sources */,
				3D3F9DE921880A3500DDD00C /* QiscusLogger.swift in Sources */,
				3D3F9E0E21880A3500DDD00C /* ParameterEncoder.swift in Sources */,
				3D3F9DEF21880A3500DDD00C /* NonceModel.swift in Sources */,
				3D3F9E0721880A3500DDD00C /* QiscusFileManager.swift in Sources */,
				3D3F9DEB21880A3500DDD00C /* QiscusRoom.swift in Sources */,
				3D3F9E1421880A3500DDD00C /* EndpointUser.swift in Sources */,
				3D3F9E0221880A3500DDD00C /* Room+CoreDataProperties.swift in Sources */,
				3D3F9DFB21880A3500DDD00C /* QiscusDatabase.swift in Sources */,
				3D3F9DED21880A3500DDD00C /* FileModel.swift in Sources */,
				3D3F9E0A21880A3500DDD00C /* NetworkMessage.swift in Sources */,
				3D3F9E1921880A3500DDD00C /* QiscusEventManager.swift in Sources */,
				3D3F9DE821880A3500DDD00C /* Data+Json.swift in Sources */,
				3D3F9E0F21880A3500DDD00C /* ParameterEncoding.swift in Sources */,
				3D3F9E1721880A3500DDD00C /* QiscusConnectionDelegate.swift in Sources */,
				3D3F9DEC21880A3500DDD00C /* CommentModel.swift in Sources */,
				3D3F9E1121880A3500DDD00C /* Router.swift in Sources */,
				3D3F9E0621880A3500DDD00C /* ConfigManager.swift in Sources */,
				3D3F9E0421880A3500DDD00C /* QiscusComment.swift in Sources */,
				3D3F9E1821880A3500DDD00C /* QiscusCore.swift in Sources */,
				3D3F9DE721880A3500DDD00C /* QiscusWorker.swift in Sources */,
				3D3F9E0821880A3500DDD00C /* QiscusWorkerManager.swift in Sources */,
				3D3F9DEA21880A3500DDD00C /* QiscusThread.swift in Sources */,
				3D3F9E1221880A3500DDD00C /* EndpointComment.swift in Sources */,
				3D3F9DF021880A3500DDD00C /* UserModel.swift in Sources */,
				3D3F9E1321880A3500DDD00C /* EndpointRoom.swift in Sources */,
				3D3F9E0521880A3500DDD00C /* QiscusStorage.swift in Sources */,
				3D3F9E0321880A3500DDD00C /* PersistentStore.swift in Sources */,
				3D3F9E1521880A3500DDD00C /* DownloadService.swift in Sources */,
				3D3F9E0B21880A3500DDD00C /* NetworkUpload.swift in Sources */,
				3D3F9DFA21880A3500DDD00C /* Qiscus.xcdatamodeld in Sources */,
				3D3F9DF521880A3500DDD00C /* RealtimeManager.swift in Sources */,
				3D3F9DF221880A3500DDD00C /* RoomModel.swift in Sources */,
			);
			runOnlyForDeploymentPostprocessing = 0;
		};
		3D55936920FC89CE00AE35E5 /* Sources */ = {
			isa = PBXSourcesBuildPhase;
			buildActionMask = 2147483647;
			files = (
				3D55937320FC89CE00AE35E5 /* QiscusCoreTests.swift in Sources */,
				3D84A2DE2164EA92008F61A5 /* ConfigTests.swift in Sources */,
			);
			runOnlyForDeploymentPostprocessing = 0;
		};
		3D55937E20FC8A0300AE35E5 /* Sources */ = {
			isa = PBXSourcesBuildPhase;
			buildActionMask = 2147483647;
			files = (
				3D55938720FC8A0300AE35E5 /* ViewController.swift in Sources */,
				3D55938520FC8A0300AE35E5 /* AppDelegate.swift in Sources */,
			);
			runOnlyForDeploymentPostprocessing = 0;
		};
/* End PBXSourcesBuildPhase section */

/* Begin PBXTargetDependency section */
		3D55937020FC89CE00AE35E5 /* PBXTargetDependency */ = {
			isa = PBXTargetDependency;
			target = 3D55936320FC89CD00AE35E5 /* QiscusCore */;
			targetProxy = 3D55936F20FC89CE00AE35E5 /* PBXContainerItemProxy */;
		};
/* End PBXTargetDependency section */

/* Begin PBXVariantGroup section */
		3D55938820FC8A0300AE35E5 /* Main.storyboard */ = {
			isa = PBXVariantGroup;
			children = (
				3D55938920FC8A0300AE35E5 /* Base */,
			);
			name = Main.storyboard;
			sourceTree = "<group>";
		};
		3D55938D20FC8A0800AE35E5 /* LaunchScreen.storyboard */ = {
			isa = PBXVariantGroup;
			children = (
				3D55938E20FC8A0800AE35E5 /* Base */,
			);
			name = LaunchScreen.storyboard;
			sourceTree = "<group>";
		};
/* End PBXVariantGroup section */

/* Begin XCBuildConfiguration section */
		3D55937620FC89CE00AE35E5 /* Debug */ = {
			isa = XCBuildConfiguration;
			buildSettings = {
				ALWAYS_SEARCH_USER_PATHS = NO;
				CLANG_ANALYZER_NONNULL = YES;
				CLANG_ANALYZER_NUMBER_OBJECT_CONVERSION = YES_AGGRESSIVE;
				CLANG_CXX_LANGUAGE_STANDARD = "gnu++14";
				CLANG_CXX_LIBRARY = "libc++";
				CLANG_ENABLE_MODULES = YES;
				CLANG_ENABLE_OBJC_ARC = YES;
				CLANG_ENABLE_OBJC_WEAK = YES;
				CLANG_WARN_BLOCK_CAPTURE_AUTORELEASING = YES;
				CLANG_WARN_BOOL_CONVERSION = YES;
				CLANG_WARN_COMMA = YES;
				CLANG_WARN_CONSTANT_CONVERSION = YES;
				CLANG_WARN_DEPRECATED_OBJC_IMPLEMENTATIONS = YES;
				CLANG_WARN_DIRECT_OBJC_ISA_USAGE = YES_ERROR;
				CLANG_WARN_DOCUMENTATION_COMMENTS = YES;
				CLANG_WARN_EMPTY_BODY = YES;
				CLANG_WARN_ENUM_CONVERSION = YES;
				CLANG_WARN_INFINITE_RECURSION = YES;
				CLANG_WARN_INT_CONVERSION = YES;
				CLANG_WARN_NON_LITERAL_NULL_CONVERSION = YES;
				CLANG_WARN_OBJC_IMPLICIT_RETAIN_SELF = YES;
				CLANG_WARN_OBJC_LITERAL_CONVERSION = YES;
				CLANG_WARN_OBJC_ROOT_CLASS = YES_ERROR;
				CLANG_WARN_RANGE_LOOP_ANALYSIS = YES;
				CLANG_WARN_STRICT_PROTOTYPES = YES;
				CLANG_WARN_SUSPICIOUS_MOVE = YES;
				CLANG_WARN_UNGUARDED_AVAILABILITY = YES_AGGRESSIVE;
				CLANG_WARN_UNREACHABLE_CODE = YES;
				CLANG_WARN__DUPLICATE_METHOD_MATCH = YES;
				CODE_SIGN_IDENTITY = "iPhone Developer";
				COPY_PHASE_STRIP = NO;
				CURRENT_PROJECT_VERSION = 1;
				DEBUG_INFORMATION_FORMAT = dwarf;
				ENABLE_STRICT_OBJC_MSGSEND = YES;
				ENABLE_TESTABILITY = YES;
				GCC_C_LANGUAGE_STANDARD = gnu11;
				GCC_DYNAMIC_NO_PIC = NO;
				GCC_NO_COMMON_BLOCKS = YES;
				GCC_OPTIMIZATION_LEVEL = 0;
				GCC_PREPROCESSOR_DEFINITIONS = (
					"DEBUG=1",
					"$(inherited)",
				);
				GCC_WARN_64_TO_32_BIT_CONVERSION = YES;
				GCC_WARN_ABOUT_RETURN_TYPE = YES_ERROR;
				GCC_WARN_UNDECLARED_SELECTOR = YES;
				GCC_WARN_UNINITIALIZED_AUTOS = YES_AGGRESSIVE;
				GCC_WARN_UNUSED_FUNCTION = YES;
				GCC_WARN_UNUSED_VARIABLE = YES;
				IPHONEOS_DEPLOYMENT_TARGET = 10.3;
				MTL_ENABLE_DEBUG_INFO = YES;
				ONLY_ACTIVE_ARCH = YES;
				SDKROOT = iphoneos;
				SWIFT_ACTIVE_COMPILATION_CONDITIONS = DEBUG;
				SWIFT_OPTIMIZATION_LEVEL = "-Onone";
				VERSIONING_SYSTEM = "apple-generic";
				VERSION_INFO_PREFIX = "";
			};
			name = Debug;
		};
		3D55937720FC89CE00AE35E5 /* Release */ = {
			isa = XCBuildConfiguration;
			buildSettings = {
				ALWAYS_SEARCH_USER_PATHS = NO;
				CLANG_ANALYZER_NONNULL = YES;
				CLANG_ANALYZER_NUMBER_OBJECT_CONVERSION = YES_AGGRESSIVE;
				CLANG_CXX_LANGUAGE_STANDARD = "gnu++14";
				CLANG_CXX_LIBRARY = "libc++";
				CLANG_ENABLE_MODULES = YES;
				CLANG_ENABLE_OBJC_ARC = YES;
				CLANG_ENABLE_OBJC_WEAK = YES;
				CLANG_WARN_BLOCK_CAPTURE_AUTORELEASING = YES;
				CLANG_WARN_BOOL_CONVERSION = YES;
				CLANG_WARN_COMMA = YES;
				CLANG_WARN_CONSTANT_CONVERSION = YES;
				CLANG_WARN_DEPRECATED_OBJC_IMPLEMENTATIONS = YES;
				CLANG_WARN_DIRECT_OBJC_ISA_USAGE = YES_ERROR;
				CLANG_WARN_DOCUMENTATION_COMMENTS = YES;
				CLANG_WARN_EMPTY_BODY = YES;
				CLANG_WARN_ENUM_CONVERSION = YES;
				CLANG_WARN_INFINITE_RECURSION = YES;
				CLANG_WARN_INT_CONVERSION = YES;
				CLANG_WARN_NON_LITERAL_NULL_CONVERSION = YES;
				CLANG_WARN_OBJC_IMPLICIT_RETAIN_SELF = YES;
				CLANG_WARN_OBJC_LITERAL_CONVERSION = YES;
				CLANG_WARN_OBJC_ROOT_CLASS = YES_ERROR;
				CLANG_WARN_RANGE_LOOP_ANALYSIS = YES;
				CLANG_WARN_STRICT_PROTOTYPES = YES;
				CLANG_WARN_SUSPICIOUS_MOVE = YES;
				CLANG_WARN_UNGUARDED_AVAILABILITY = YES_AGGRESSIVE;
				CLANG_WARN_UNREACHABLE_CODE = YES;
				CLANG_WARN__DUPLICATE_METHOD_MATCH = YES;
				CODE_SIGN_IDENTITY = "iPhone Developer";
				COPY_PHASE_STRIP = NO;
				CURRENT_PROJECT_VERSION = 1;
				DEBUG_INFORMATION_FORMAT = "dwarf-with-dsym";
				ENABLE_NS_ASSERTIONS = NO;
				ENABLE_STRICT_OBJC_MSGSEND = YES;
				GCC_C_LANGUAGE_STANDARD = gnu11;
				GCC_NO_COMMON_BLOCKS = YES;
				GCC_WARN_64_TO_32_BIT_CONVERSION = YES;
				GCC_WARN_ABOUT_RETURN_TYPE = YES_ERROR;
				GCC_WARN_UNDECLARED_SELECTOR = YES;
				GCC_WARN_UNINITIALIZED_AUTOS = YES_AGGRESSIVE;
				GCC_WARN_UNUSED_FUNCTION = YES;
				GCC_WARN_UNUSED_VARIABLE = YES;
				IPHONEOS_DEPLOYMENT_TARGET = 10.3;
				MTL_ENABLE_DEBUG_INFO = NO;
				SDKROOT = iphoneos;
				SWIFT_OPTIMIZATION_LEVEL = "-Owholemodule";
				VALIDATE_PRODUCT = YES;
				VERSIONING_SYSTEM = "apple-generic";
				VERSION_INFO_PREFIX = "";
			};
			name = Release;
		};
		3D55937920FC89CE00AE35E5 /* Debug */ = {
			isa = XCBuildConfiguration;
			baseConfigurationReference = AFC9813493DB53DCF29F7208 /* Pods-QiscusCore.debug.xcconfig */;
			buildSettings = {
				CLANG_ENABLE_MODULES = YES;
				CODE_SIGN_IDENTITY = "";
				"CODE_SIGN_IDENTITY[sdk=iphoneos*]" = "iPhone Developer";
				CODE_SIGN_STYLE = Manual;
				DEFINES_MODULE = YES;
				DEVELOPMENT_TEAM = QG8KA4P8TE;
				DYLIB_COMPATIBILITY_VERSION = 1;
				DYLIB_CURRENT_VERSION = 1;
				DYLIB_INSTALL_NAME_BASE = "@rpath";
				FRAMEWORK_SEARCH_PATHS = (
					"$(inherited)",
					"$(PROJECT_DIR)",
				);
				INFOPLIST_FILE = QiscusCore/Info.plist;
				INSTALL_PATH = "$(LOCAL_LIBRARY_DIR)/Frameworks";
				IPHONEOS_DEPLOYMENT_TARGET = 10.0;
				LD_RUNPATH_SEARCH_PATHS = "$(inherited) @executable_path/Frameworks @loader_path/Frameworks";
				PRODUCT_BUNDLE_IDENTIFIER = com.qiscus.sdk;
				PRODUCT_NAME = "$(TARGET_NAME:c99extidentifier)";
				PROVISIONING_PROFILE_SPECIFIER = "";
				SKIP_INSTALL = NO;
				SWIFT_OPTIMIZATION_LEVEL = "-Onone";
				SWIFT_VERSION = 4.0;
				TARGETED_DEVICE_FAMILY = "1,2";
			};
			name = Debug;
		};
		3D55937A20FC89CE00AE35E5 /* Release */ = {
			isa = XCBuildConfiguration;
			baseConfigurationReference = 64802D245F1D9AD426A11FD8 /* Pods-QiscusCore.release.xcconfig */;
			buildSettings = {
				CLANG_ENABLE_MODULES = YES;
				CODE_SIGN_IDENTITY = "";
				"CODE_SIGN_IDENTITY[sdk=iphoneos*]" = "iPhone Developer";
				CODE_SIGN_STYLE = Manual;
				DEFINES_MODULE = YES;
				DEVELOPMENT_TEAM = QG8KA4P8TE;
				DYLIB_COMPATIBILITY_VERSION = 1;
				DYLIB_CURRENT_VERSION = 1;
				DYLIB_INSTALL_NAME_BASE = "@rpath";
				FRAMEWORK_SEARCH_PATHS = (
					"$(inherited)",
					"$(PROJECT_DIR)",
				);
				INFOPLIST_FILE = QiscusCore/Info.plist;
				INSTALL_PATH = "$(LOCAL_LIBRARY_DIR)/Frameworks";
				IPHONEOS_DEPLOYMENT_TARGET = 10.0;
				LD_RUNPATH_SEARCH_PATHS = "$(inherited) @executable_path/Frameworks @loader_path/Frameworks";
				PRODUCT_BUNDLE_IDENTIFIER = com.qiscus.sdk;
				PRODUCT_NAME = "$(TARGET_NAME:c99extidentifier)";
				PROVISIONING_PROFILE_SPECIFIER = "";
				SKIP_INSTALL = NO;
				SWIFT_VERSION = 4.0;
				TARGETED_DEVICE_FAMILY = "1,2";
			};
			name = Release;
		};
		3D55937C20FC89CE00AE35E5 /* Debug */ = {
			isa = XCBuildConfiguration;
			baseConfigurationReference = 12272639BF0C7839D8A8A270 /* Pods-QiscusCoreTests.debug.xcconfig */;
			buildSettings = {
				ALWAYS_EMBED_SWIFT_STANDARD_LIBRARIES = YES;
				CODE_SIGN_STYLE = Automatic;
				DEVELOPMENT_TEAM = QG8KA4P8TE;
				INFOPLIST_FILE = QiscusCoreTests/Info.plist;
				LD_RUNPATH_SEARCH_PATHS = "$(inherited) @executable_path/Frameworks @loader_path/Frameworks";
				PRODUCT_BUNDLE_IDENTIFIER = com.qiscusdev.QiscusCoreTests;
				PRODUCT_NAME = "$(TARGET_NAME)";
				SWIFT_VERSION = 4.0;
				TARGETED_DEVICE_FAMILY = "1,2";
			};
			name = Debug;
		};
		3D55937D20FC89CE00AE35E5 /* Release */ = {
			isa = XCBuildConfiguration;
			baseConfigurationReference = A8AED052F3998D93677FF40B /* Pods-QiscusCoreTests.release.xcconfig */;
			buildSettings = {
				ALWAYS_EMBED_SWIFT_STANDARD_LIBRARIES = YES;
				CODE_SIGN_STYLE = Automatic;
				DEVELOPMENT_TEAM = QG8KA4P8TE;
				INFOPLIST_FILE = QiscusCoreTests/Info.plist;
				LD_RUNPATH_SEARCH_PATHS = "$(inherited) @executable_path/Frameworks @loader_path/Frameworks";
				PRODUCT_BUNDLE_IDENTIFIER = com.qiscusdev.QiscusCoreTests;
				PRODUCT_NAME = "$(TARGET_NAME)";
				SWIFT_VERSION = 4.0;
				TARGETED_DEVICE_FAMILY = "1,2";
			};
			name = Release;
		};
		3D55939220FC8A0800AE35E5 /* Debug */ = {
			isa = XCBuildConfiguration;
			baseConfigurationReference = C1CD2D5A88324C15CF0C55DC /* Pods-Example.debug.xcconfig */;
			buildSettings = {
				ASSETCATALOG_COMPILER_APPICON_NAME = AppIcon;
				CODE_SIGN_STYLE = Manual;
				DEVELOPMENT_TEAM = QG8KA4P8TE;
				INFOPLIST_FILE = Example/Info.plist;
				IPHONEOS_DEPLOYMENT_TARGET = 10.0;
				LD_RUNPATH_SEARCH_PATHS = "$(inherited) @executable_path/Frameworks";
				PRODUCT_BUNDLE_IDENTIFIER = com.qiscusdev.Example;
				PRODUCT_NAME = "$(TARGET_NAME)";
				PROVISIONING_PROFILE = "24c80830-ed36-40fb-b16a-d8c5843cc2d5";
				PROVISIONING_PROFILE_SPECIFIER = QiscusDev;
				SWIFT_VERSION = 4.0;
				TARGETED_DEVICE_FAMILY = "1,2";
			};
			name = Debug;
		};
		3D55939320FC8A0800AE35E5 /* Release */ = {
			isa = XCBuildConfiguration;
			baseConfigurationReference = C97C5A4122C08D08ADCDD0B1 /* Pods-Example.release.xcconfig */;
			buildSettings = {
				ASSETCATALOG_COMPILER_APPICON_NAME = AppIcon;
				CODE_SIGN_STYLE = Manual;
				DEVELOPMENT_TEAM = QG8KA4P8TE;
				INFOPLIST_FILE = Example/Info.plist;
				IPHONEOS_DEPLOYMENT_TARGET = 10.0;
				LD_RUNPATH_SEARCH_PATHS = "$(inherited) @executable_path/Frameworks";
				PRODUCT_BUNDLE_IDENTIFIER = com.qiscusdev.Example;
				PRODUCT_NAME = "$(TARGET_NAME)";
				PROVISIONING_PROFILE = "24c80830-ed36-40fb-b16a-d8c5843cc2d5";
				PROVISIONING_PROFILE_SPECIFIER = QiscusDev;
				SWIFT_VERSION = 4.0;
				TARGETED_DEVICE_FAMILY = "1,2";
			};
			name = Release;
		};
/* End XCBuildConfiguration section */

/* Begin XCConfigurationList section */
		3D55935E20FC89CD00AE35E5 /* Build configuration list for PBXProject "QiscusCore" */ = {
			isa = XCConfigurationList;
			buildConfigurations = (
				3D55937620FC89CE00AE35E5 /* Debug */,
				3D55937720FC89CE00AE35E5 /* Release */,
			);
			defaultConfigurationIsVisible = 0;
			defaultConfigurationName = Release;
		};
		3D55937820FC89CE00AE35E5 /* Build configuration list for PBXNativeTarget "QiscusCore" */ = {
			isa = XCConfigurationList;
			buildConfigurations = (
				3D55937920FC89CE00AE35E5 /* Debug */,
				3D55937A20FC89CE00AE35E5 /* Release */,
			);
			defaultConfigurationIsVisible = 0;
			defaultConfigurationName = Release;
		};
		3D55937B20FC89CE00AE35E5 /* Build configuration list for PBXNativeTarget "QiscusCoreTests" */ = {
			isa = XCConfigurationList;
			buildConfigurations = (
				3D55937C20FC89CE00AE35E5 /* Debug */,
				3D55937D20FC89CE00AE35E5 /* Release */,
			);
			defaultConfigurationIsVisible = 0;
			defaultConfigurationName = Release;
		};
		3D55939120FC8A0800AE35E5 /* Build configuration list for PBXNativeTarget "Example" */ = {
			isa = XCConfigurationList;
			buildConfigurations = (
				3D55939220FC8A0800AE35E5 /* Debug */,
				3D55939320FC8A0800AE35E5 /* Release */,
			);
			defaultConfigurationIsVisible = 0;
			defaultConfigurationName = Release;
		};
/* End XCConfigurationList section */

/* Begin XCVersionGroup section */
		3D3F9DBD21880A3400DDD00C /* Qiscus.xcdatamodeld */ = {
			isa = XCVersionGroup;
			children = (
				3D3F9DBE21880A3400DDD00C /* Qiscus.xcdatamodel */,
			);
			currentVersion = 3D3F9DBE21880A3400DDD00C /* Qiscus.xcdatamodel */;
			path = Qiscus.xcdatamodeld;
			sourceTree = "<group>";
			versionGroupType = wrapper.xcdatamodel;
		};
/* End XCVersionGroup section */
	};
	rootObject = 3D55935B20FC89CD00AE35E5 /* Project object */;
}
